// !$*UTF8*$!
{
	archiveVersion = 1;
	classes = {
	};
	objectVersion = 50;
	objects = {

/* Begin PBXBuildFile section */
		77065569294341C00018056D /* ForgotPasswordViewController.swift in Sources */ = {isa = PBXBuildFile; fileRef = 77065568294341C00018056D /* ForgotPasswordViewController.swift */; };
		7706556C294341D10018056D /* CreatePasswordViewController.swift in Sources */ = {isa = PBXBuildFile; fileRef = 7706556B294341D10018056D /* CreatePasswordViewController.swift */; };
		7715F0002941AAB800E04728 /* subjectsTableViewCell.swift in Sources */ = {isa = PBXBuildFile; fileRef = 7715EFFF2941AAB800E04728 /* subjectsTableViewCell.swift */; };
		7715F0092941ADEE00E04728 /* ProfileViewController.swift in Sources */ = {isa = PBXBuildFile; fileRef = 7715F0082941ADEE00E04728 /* ProfileViewController.swift */; };
		7715F00C2941F65300E04728 /* TabBarViewController.swift in Sources */ = {isa = PBXBuildFile; fileRef = 7715F00B2941F65300E04728 /* TabBarViewController.swift */; };
		7715F00F294212EC00E04728 /* varifyAccountViewModel.swift in Sources */ = {isa = PBXBuildFile; fileRef = 7715F00E294212EC00E04728 /* varifyAccountViewModel.swift */; };
		7715F0122942146300E04728 /* varificationNetwork.swift in Sources */ = {isa = PBXBuildFile; fileRef = 7715F0112942146300E04728 /* varificationNetwork.swift */; };
		77517EC0293F7FD8002FED03 /* SignUpViewController.swift in Sources */ = {isa = PBXBuildFile; fileRef = 77517EBF293F7FD8002FED03 /* SignUpViewController.swift */; };
		77517EC3293F7FDE002FED03 /* VarifyAccountViewController.swift in Sources */ = {isa = PBXBuildFile; fileRef = 77517EC2293F7FDE002FED03 /* VarifyAccountViewController.swift */; };
		77517EC6293F8841002FED03 /* HomeScreenViewController.swift in Sources */ = {isa = PBXBuildFile; fileRef = 77517EC5293F8841002FED03 /* HomeScreenViewController.swift */; };
		775C2BF429404D31003E7405 /* HomeScreenCollectionViewCell.swift in Sources */ = {isa = PBXBuildFile; fileRef = 775C2BF329404D31003E7405 /* HomeScreenCollectionViewCell.swift */; };
		775C2BF829408A5C003E7405 /* OnBoardingOneViewController.swift in Sources */ = {isa = PBXBuildFile; fileRef = 775C2BF729408A5C003E7405 /* OnBoardingOneViewController.swift */; };
		775C2BFB29408A65003E7405 /* OnBoardinCollectionViewCell.swift in Sources */ = {isa = PBXBuildFile; fileRef = 775C2BFA29408A65003E7405 /* OnBoardinCollectionViewCell.swift */; };
		775C2BFE29408A72003E7405 /* OnBoardingSlide .swift in Sources */ = {isa = PBXBuildFile; fileRef = 775C2BFD29408A72003E7405 /* OnBoardingSlide .swift */; };
		7772117229474CBA0064B305 /* KeyChainFIle.swift in Sources */ = {isa = PBXBuildFile; fileRef = 7772117129474CB90064B305 /* KeyChainFIle.swift */; };
		7772117529474CC10064B305 /* SkipButton.swift in Sources */ = {isa = PBXBuildFile; fileRef = 7772117429474CC10064B305 /* SkipButton.swift */; };
		7772117829474CC50064B305 /* SkipCustomButtob.swift in Sources */ = {isa = PBXBuildFile; fileRef = 7772117729474CC40064B305 /* SkipCustomButtob.swift */; };
		777886232940AC28001E7E1F /* SearchResultViewController.swift in Sources */ = {isa = PBXBuildFile; fileRef = 777886222940AC28001E7E1F /* SearchResultViewController.swift */; };
		777886262940DCA9001E7E1F /* signInViewModel.swift in Sources */ = {isa = PBXBuildFile; fileRef = 777886252940DCA9001E7E1F /* signInViewModel.swift */; };
		777ADEBD29502E5500175BF1 /* AboutSubjectHeaderProgress.swift in Sources */ = {isa = PBXBuildFile; fileRef = 777ADEBC29502E5500175BF1 /* AboutSubjectHeaderProgress.swift */; };
		777F16EE294AEA1B0010D807 /* ProfileViewModel.swift in Sources */ = {isa = PBXBuildFile; fileRef = 777F16ED294AEA1B0010D807 /* ProfileViewModel.swift */; };
		777F16F2294AEFB90010D807 /* ProfileNetwork.swift in Sources */ = {isa = PBXBuildFile; fileRef = 777F16F1294AEFB90010D807 /* ProfileNetwork.swift */; };
		777F16F7294B009D0010D807 /* ProfileModel.swift in Sources */ = {isa = PBXBuildFile; fileRef = 777F16F6294B009D0010D807 /* ProfileModel.swift */; };
		777F16FA294B3F870010D807 /* ProfileEditViewModel.swift in Sources */ = {isa = PBXBuildFile; fileRef = 777F16F9294B3F870010D807 /* ProfileEditViewModel.swift */; };
		777F16FD294B42060010D807 /* EditProfileNetwork.swift in Sources */ = {isa = PBXBuildFile; fileRef = 777F16FC294B42060010D807 /* EditProfileNetwork.swift */; };
		777FB2A9294857B100718711 /* LessonDetailVideoAudioViewController.swift in Sources */ = {isa = PBXBuildFile; fileRef = 777FB2A8294857B100718711 /* LessonDetailVideoAudioViewController.swift */; };
		7781D698294DDCDF0020D973 /* ResultsViewController.swift in Sources */ = {isa = PBXBuildFile; fileRef = 7781D697294DDCDF0020D973 /* ResultsViewController.swift */; };
		7781D69B294DDCF80020D973 /* ResultsTableViewCell.swift in Sources */ = {isa = PBXBuildFile; fileRef = 7781D69A294DDCF80020D973 /* ResultsTableViewCell.swift */; };
		7781D69E294DEB930020D973 /* ResultModel.swift in Sources */ = {isa = PBXBuildFile; fileRef = 7781D69D294DEB930020D973 /* ResultModel.swift */; };
		7781D6A1294DFCCD0020D973 /* HomeViewModel.swift in Sources */ = {isa = PBXBuildFile; fileRef = 7781D6A0294DFCCD0020D973 /* HomeViewModel.swift */; };
		7781D6A4294DFE970020D973 /* HomeNetwork.swift in Sources */ = {isa = PBXBuildFile; fileRef = 7781D6A3294DFE970020D973 /* HomeNetwork.swift */; };
		7781D6A7294E01F00020D973 /* CurrentyStudyingModel.swift in Sources */ = {isa = PBXBuildFile; fileRef = 7781D6A6294E01F00020D973 /* CurrentyStudyingModel.swift */; };
		7786FC8C2945A8F200A0B956 /* AboutSubjectViewController.swift in Sources */ = {isa = PBXBuildFile; fileRef = 7786FC8B2945A8F200A0B956 /* AboutSubjectViewController.swift */; };
		7786FC902945ABC200A0B956 /* AboutSubjectCollectionViewCell.swift in Sources */ = {isa = PBXBuildFile; fileRef = 7786FC8F2945ABC200A0B956 /* AboutSubjectCollectionViewCell.swift */; };
		7786FC962945B0F700A0B956 /* AboutSubjectTableViewCell.swift in Sources */ = {isa = PBXBuildFile; fileRef = 7786FC952945B0F700A0B956 /* AboutSubjectTableViewCell.swift */; };
		778E6B4929445F0200A44471 /* CreatePasswordViewModel.swift in Sources */ = {isa = PBXBuildFile; fileRef = 778E6B4829445F0200A44471 /* CreatePasswordViewModel.swift */; };
		77A0571E29545647004C0365 /* OnBoardingSplashViewController.swift in Sources */ = {isa = PBXBuildFile; fileRef = 77A0571D29545647004C0365 /* OnBoardingSplashViewController.swift */; };
		77A252412951BAD6006BAC2D /* PlistManager.swift in Sources */ = {isa = PBXBuildFile; fileRef = 77A252402951BAD6006BAC2D /* PlistManager.swift */; };
		77A252442951BEE2006BAC2D /* SkipStatus.plist in Resources */ = {isa = PBXBuildFile; fileRef = 77A252432951BEE2006BAC2D /* SkipStatus.plist */; };
		77AEE593294DA28B00906FE4 /* SubjecListViewModel.swift in Sources */ = {isa = PBXBuildFile; fileRef = 77AEE592294DA28B00906FE4 /* SubjecListViewModel.swift */; };
		77AEE596294DA2B700906FE4 /* SubjectListModel.swift in Sources */ = {isa = PBXBuildFile; fileRef = 77AEE595294DA2B700906FE4 /* SubjectListModel.swift */; };
		77AEE599294DA2CD00906FE4 /* SubjectListNetwork.swift in Sources */ = {isa = PBXBuildFile; fileRef = 77AEE598294DA2CD00906FE4 /* SubjectListNetwork.swift */; };
		77AEE59D294DA69800906FE4 /* AboutSubjectViewModel.swift in Sources */ = {isa = PBXBuildFile; fileRef = 77AEE59C294DA69800906FE4 /* AboutSubjectViewModel.swift */; };
		77AEE5A0294DA6B300906FE4 /* AboutSubjectNetwork.swift in Sources */ = {isa = PBXBuildFile; fileRef = 77AEE59F294DA6B300906FE4 /* AboutSubjectNetwork.swift */; };
		77AEE5A3294DA7B500906FE4 /* AboutHeaderCell.swift in Sources */ = {isa = PBXBuildFile; fileRef = 77AEE5A2294DA7B500906FE4 /* AboutHeaderCell.swift */; };
		77AEE5A6294DA8E200906FE4 /* SubjectDetailsModel.swift in Sources */ = {isa = PBXBuildFile; fileRef = 77AEE5A5294DA8E200906FE4 /* SubjectDetailsModel.swift */; };
		77AEE5AD294DA9DA00906FE4 /* UnitModel.swift in Sources */ = {isa = PBXBuildFile; fileRef = 77AEE5AC294DA9DA00906FE4 /* UnitModel.swift */; };
		77AEE5B0294DA9E000906FE4 /* leassonModel.swift in Sources */ = {isa = PBXBuildFile; fileRef = 77AEE5AF294DA9E000906FE4 /* leassonModel.swift */; };
		77AEE5B3294DACB000906FE4 /* Lesson.swift in Sources */ = {isa = PBXBuildFile; fileRef = 77AEE5B2294DACB000906FE4 /* Lesson.swift */; };
		77AEE5B6294DADB500906FE4 /* LessonDetailsViewController.swift in Sources */ = {isa = PBXBuildFile; fileRef = 77AEE5B5294DADB500906FE4 /* LessonDetailsViewController.swift */; };
		77AEE5B9294DB0AE00906FE4 /* LessonDetailViewModel.swift in Sources */ = {isa = PBXBuildFile; fileRef = 77AEE5B8294DB0AE00906FE4 /* LessonDetailViewModel.swift */; };
		77AEE5BC294DB0DA00906FE4 /* BottomUpCollectionViewCell.swift in Sources */ = {isa = PBXBuildFile; fileRef = 77AEE5BB294DB0DA00906FE4 /* BottomUpCollectionViewCell.swift */; };
		77AEE5BF294DB10600906FE4 /* LessonDetailModel.swift in Sources */ = {isa = PBXBuildFile; fileRef = 77AEE5BE294DB10600906FE4 /* LessonDetailModel.swift */; };
		77AEE5C2294DB17900906FE4 /* LessonDetailNetwork.swift in Sources */ = {isa = PBXBuildFile; fileRef = 77AEE5C1294DB17900906FE4 /* LessonDetailNetwork.swift */; };
		77AEE5C8294DB2AB00906FE4 /* TestResultTimeoutViewController.swift in Sources */ = {isa = PBXBuildFile; fileRef = 77AEE5C6294DB2AB00906FE4 /* TestResultTimeoutViewController.swift */; };
		77AEE5C9294DB2AB00906FE4 /* TestResultViewController.swift in Sources */ = {isa = PBXBuildFile; fileRef = 77AEE5C7294DB2AB00906FE4 /* TestResultViewController.swift */; };
		77AEE5CF294DB3A200906FE4 /* ProgressBarViewTwo.swift in Sources */ = {isa = PBXBuildFile; fileRef = 77AEE5CD294DB3A200906FE4 /* ProgressBarViewTwo.swift */; };
		77AEE5D0294DB3A200906FE4 /* ProgressBarView.swift in Sources */ = {isa = PBXBuildFile; fileRef = 77AEE5CE294DB3A200906FE4 /* ProgressBarView.swift */; };
		77BE859F294C9AD700676F5B /* UserDataModel.swift in Sources */ = {isa = PBXBuildFile; fileRef = 77BE859E294C9AD700676F5B /* UserDataModel.swift */; };
		77BE85A4294CA68500676F5B /* NotificationViewModel.swift in Sources */ = {isa = PBXBuildFile; fileRef = 77BE85A3294CA68500676F5B /* NotificationViewModel.swift */; };
		77BE85A7294CA75100676F5B /* NotificationNetwork.swift in Sources */ = {isa = PBXBuildFile; fileRef = 77BE85A6294CA75100676F5B /* NotificationNetwork.swift */; };
		77BE85AA294CABA900676F5B /* NotificationMOdel.swift in Sources */ = {isa = PBXBuildFile; fileRef = 77BE85A9294CABA900676F5B /* NotificationMOdel.swift */; };
		77C73D8A2944A1CB003031EF /* SubjectDetailsViewController.swift in Sources */ = {isa = PBXBuildFile; fileRef = 77C73D892944A1CB003031EF /* SubjectDetailsViewController.swift */; };
		77C73D902944A8E5003031EF /* StudyingViewController.swift in Sources */ = {isa = PBXBuildFile; fileRef = 77C73D8F2944A8E5003031EF /* StudyingViewController.swift */; };
		77C73D932944A945003031EF /* LikedViewController.swift in Sources */ = {isa = PBXBuildFile; fileRef = 77C73D922944A945003031EF /* LikedViewController.swift */; };
		77DFCF2729499CB0002F1CFC /* AudioTableViewCell.swift in Sources */ = {isa = PBXBuildFile; fileRef = 77DFCF2629499CB0002F1CFC /* AudioTableViewCell.swift */; };
		77DFCF2D2949FC1C002F1CFC /* ProfileEditViewController.swift in Sources */ = {isa = PBXBuildFile; fileRef = 77DFCF2C2949FC1C002F1CFC /* ProfileEditViewController.swift */; };
		77E0BC092940A6E400CA0EF0 /* NotificationViewController.swift in Sources */ = {isa = PBXBuildFile; fileRef = 77E0BC082940A6E400CA0EF0 /* NotificationViewController.swift */; };
		77E0BC102940A8FC00CA0EF0 /* NotificationsTableViewCell.swift in Sources */ = {isa = PBXBuildFile; fileRef = 77E0BC0F2940A8FC00CA0EF0 /* NotificationsTableViewCell.swift */; };
		77F2A0172941A8670034CFB6 /* SubjectListViewController.swift in Sources */ = {isa = PBXBuildFile; fileRef = 77F2A0162941A8670034CFB6 /* SubjectListViewController.swift */; };
		77F6FA5C293F060100EBD0A9 /* AppDelegate.swift in Sources */ = {isa = PBXBuildFile; fileRef = 77F6FA5B293F060100EBD0A9 /* AppDelegate.swift */; };
		77F6FA5E293F060100EBD0A9 /* SceneDelegate.swift in Sources */ = {isa = PBXBuildFile; fileRef = 77F6FA5D293F060100EBD0A9 /* SceneDelegate.swift */; };
		77F6FA63293F060100EBD0A9 /* Main.storyboard in Resources */ = {isa = PBXBuildFile; fileRef = 77F6FA61293F060100EBD0A9 /* Main.storyboard */; };
		77F6FA65293F060100EBD0A9 /* Assets.xcassets in Resources */ = {isa = PBXBuildFile; fileRef = 77F6FA64293F060100EBD0A9 /* Assets.xcassets */; };
		77F6FA68293F060100EBD0A9 /* LaunchScreen.storyboard in Resources */ = {isa = PBXBuildFile; fileRef = 77F6FA66293F060100EBD0A9 /* LaunchScreen.storyboard */; };
		77F6FA84293F138C00EBD0A9 /* Rubik-VariableFont_wght.ttf in Resources */ = {isa = PBXBuildFile; fileRef = 77F6FA71293F138C00EBD0A9 /* Rubik-VariableFont_wght.ttf */; };
		77F6FA85293F138C00EBD0A9 /* Rubik-Italic-VariableFont_wght.ttf in Resources */ = {isa = PBXBuildFile; fileRef = 77F6FA72293F138C00EBD0A9 /* Rubik-Italic-VariableFont_wght.ttf */; };
		77F6FA86293F138C00EBD0A9 /* Rubik-MediumItalic.ttf in Resources */ = {isa = PBXBuildFile; fileRef = 77F6FA74293F138C00EBD0A9 /* Rubik-MediumItalic.ttf */; };
		77F6FA87293F138C00EBD0A9 /* Rubik-Bold.ttf in Resources */ = {isa = PBXBuildFile; fileRef = 77F6FA75293F138C00EBD0A9 /* Rubik-Bold.ttf */; };
		77F6FA88293F138C00EBD0A9 /* Rubik-SemiBoldItalic.ttf in Resources */ = {isa = PBXBuildFile; fileRef = 77F6FA76293F138C00EBD0A9 /* Rubik-SemiBoldItalic.ttf */; };
		77F6FA89293F138C00EBD0A9 /* Rubik-Light.ttf in Resources */ = {isa = PBXBuildFile; fileRef = 77F6FA77293F138C00EBD0A9 /* Rubik-Light.ttf */; };
		77F6FA8A293F138C00EBD0A9 /* Rubik-Medium.ttf in Resources */ = {isa = PBXBuildFile; fileRef = 77F6FA78293F138C00EBD0A9 /* Rubik-Medium.ttf */; };
		77F6FA8B293F138C00EBD0A9 /* Rubik-ExtraBoldItalic.ttf in Resources */ = {isa = PBXBuildFile; fileRef = 77F6FA79293F138C00EBD0A9 /* Rubik-ExtraBoldItalic.ttf */; };
		77F6FA8C293F138C00EBD0A9 /* Rubik-Black.ttf in Resources */ = {isa = PBXBuildFile; fileRef = 77F6FA7A293F138C00EBD0A9 /* Rubik-Black.ttf */; };
		77F6FA8D293F138C00EBD0A9 /* Rubik-Italic.ttf in Resources */ = {isa = PBXBuildFile; fileRef = 77F6FA7B293F138C00EBD0A9 /* Rubik-Italic.ttf */; };
		77F6FA8E293F138C00EBD0A9 /* Rubik-LightItalic.ttf in Resources */ = {isa = PBXBuildFile; fileRef = 77F6FA7C293F138C00EBD0A9 /* Rubik-LightItalic.ttf */; };
		77F6FA8F293F138C00EBD0A9 /* Rubik-SemiBold.ttf in Resources */ = {isa = PBXBuildFile; fileRef = 77F6FA7D293F138C00EBD0A9 /* Rubik-SemiBold.ttf */; };
		77F6FA90293F138C00EBD0A9 /* Rubik-BlackItalic.ttf in Resources */ = {isa = PBXBuildFile; fileRef = 77F6FA7E293F138C00EBD0A9 /* Rubik-BlackItalic.ttf */; };
		77F6FA91293F138C00EBD0A9 /* Rubik-ExtraBold.ttf in Resources */ = {isa = PBXBuildFile; fileRef = 77F6FA7F293F138C00EBD0A9 /* Rubik-ExtraBold.ttf */; };
		77F6FA92293F138C00EBD0A9 /* Rubik-Regular.ttf in Resources */ = {isa = PBXBuildFile; fileRef = 77F6FA80293F138C00EBD0A9 /* Rubik-Regular.ttf */; };
		77F6FA93293F138C00EBD0A9 /* Rubik-BoldItalic.ttf in Resources */ = {isa = PBXBuildFile; fileRef = 77F6FA81293F138C00EBD0A9 /* Rubik-BoldItalic.ttf */; };
		77F6FA94293F138C00EBD0A9 /* OFL.txt in Resources */ = {isa = PBXBuildFile; fileRef = 77F6FA82293F138C00EBD0A9 /* OFL.txt */; };
		77F6FA95293F138C00EBD0A9 /* README.txt in Resources */ = {isa = PBXBuildFile; fileRef = 77F6FA83293F138C00EBD0A9 /* README.txt */; };
		77F6FAA5293F169100EBD0A9 /* SFPRODISPLAYSEMIBOLDITALIC.OTF in Resources */ = {isa = PBXBuildFile; fileRef = 77F6FA9C293F169100EBD0A9 /* SFPRODISPLAYSEMIBOLDITALIC.OTF */; };
		77F6FAA6293F169100EBD0A9 /* SFPRODISPLAYHEAVYITALIC.OTF in Resources */ = {isa = PBXBuildFile; fileRef = 77F6FA9D293F169100EBD0A9 /* SFPRODISPLAYHEAVYITALIC.OTF */; };
		77F6FAA7293F169100EBD0A9 /* SFPRODISPLAYLIGHTITALIC.OTF in Resources */ = {isa = PBXBuildFile; fileRef = 77F6FA9E293F169100EBD0A9 /* SFPRODISPLAYLIGHTITALIC.OTF */; };
		77F6FAA8293F169100EBD0A9 /* SFPRODISPLAYBLACKITALIC.OTF in Resources */ = {isa = PBXBuildFile; fileRef = 77F6FA9F293F169100EBD0A9 /* SFPRODISPLAYBLACKITALIC.OTF */; };
		77F6FAA9293F169100EBD0A9 /* SFPRODISPLAYREGULAR.OTF in Resources */ = {isa = PBXBuildFile; fileRef = 77F6FAA0293F169100EBD0A9 /* SFPRODISPLAYREGULAR.OTF */; };
		77F6FAAA293F169100EBD0A9 /* SFPRODISPLAYTHINITALIC.OTF in Resources */ = {isa = PBXBuildFile; fileRef = 77F6FAA1293F169100EBD0A9 /* SFPRODISPLAYTHINITALIC.OTF */; };
		77F6FAAB293F169100EBD0A9 /* SFPRODISPLAYBOLD.OTF in Resources */ = {isa = PBXBuildFile; fileRef = 77F6FAA2293F169100EBD0A9 /* SFPRODISPLAYBOLD.OTF */; };
		77F6FAAC293F169100EBD0A9 /* SFPRODISPLAYMEDIUM.OTF in Resources */ = {isa = PBXBuildFile; fileRef = 77F6FAA3293F169100EBD0A9 /* SFPRODISPLAYMEDIUM.OTF */; };
		77F6FAAD293F169100EBD0A9 /* SFPRODISPLAYULTRALIGHTITALIC.OTF in Resources */ = {isa = PBXBuildFile; fileRef = 77F6FAA4293F169100EBD0A9 /* SFPRODISPLAYULTRALIGHTITALIC.OTF */; };
		77F6FAC2293F183500EBD0A9 /* SF-Pro-Text-UltralightItalic.otf in Resources */ = {isa = PBXBuildFile; fileRef = 77F6FAB0293F183500EBD0A9 /* SF-Pro-Text-UltralightItalic.otf */; };
		77F6FAC3293F183500EBD0A9 /* SF-Pro-Text-Heavy.otf in Resources */ = {isa = PBXBuildFile; fileRef = 77F6FAB1293F183500EBD0A9 /* SF-Pro-Text-Heavy.otf */; };
		77F6FAC4293F183500EBD0A9 /* SF-Pro-Text-MediumItalic.otf in Resources */ = {isa = PBXBuildFile; fileRef = 77F6FAB2293F183500EBD0A9 /* SF-Pro-Text-MediumItalic.otf */; };
		77F6FAC5293F183500EBD0A9 /* SF-Pro-Text-Light.otf in Resources */ = {isa = PBXBuildFile; fileRef = 77F6FAB3293F183500EBD0A9 /* SF-Pro-Text-Light.otf */; };
		77F6FAC6293F183500EBD0A9 /* SF-Pro-Text-BlackItalic.otf in Resources */ = {isa = PBXBuildFile; fileRef = 77F6FAB4293F183500EBD0A9 /* SF-Pro-Text-BlackItalic.otf */; };
		77F6FAC7293F183500EBD0A9 /* SF-Pro-Text-Black.otf in Resources */ = {isa = PBXBuildFile; fileRef = 77F6FAB5293F183500EBD0A9 /* SF-Pro-Text-Black.otf */; };
		77F6FAC8293F183500EBD0A9 /* SF-Pro-Text-Regular.otf in Resources */ = {isa = PBXBuildFile; fileRef = 77F6FAB6293F183500EBD0A9 /* SF-Pro-Text-Regular.otf */; };
		77F6FAC9293F183500EBD0A9 /* SF-Pro-Text-Ultralight.otf in Resources */ = {isa = PBXBuildFile; fileRef = 77F6FAB7293F183500EBD0A9 /* SF-Pro-Text-Ultralight.otf */; };
		77F6FACA293F183500EBD0A9 /* SF-Pro-Text-Bold.otf in Resources */ = {isa = PBXBuildFile; fileRef = 77F6FAB8293F183500EBD0A9 /* SF-Pro-Text-Bold.otf */; };
		77F6FACB293F183500EBD0A9 /* SF-Pro-Text-Thin.otf in Resources */ = {isa = PBXBuildFile; fileRef = 77F6FAB9293F183500EBD0A9 /* SF-Pro-Text-Thin.otf */; };
		77F6FACC293F183500EBD0A9 /* SF-Pro-Text-ThinItalic.otf in Resources */ = {isa = PBXBuildFile; fileRef = 77F6FABA293F183500EBD0A9 /* SF-Pro-Text-ThinItalic.otf */; };
		77F6FACD293F183500EBD0A9 /* SF-Pro-Text-BoldItalic.otf in Resources */ = {isa = PBXBuildFile; fileRef = 77F6FABB293F183500EBD0A9 /* SF-Pro-Text-BoldItalic.otf */; };
		77F6FACE293F183500EBD0A9 /* SF-Pro-Text-RegularItalic.otf in Resources */ = {isa = PBXBuildFile; fileRef = 77F6FABC293F183500EBD0A9 /* SF-Pro-Text-RegularItalic.otf */; };
		77F6FACF293F183500EBD0A9 /* SF-Pro-Text-Semibold.otf in Resources */ = {isa = PBXBuildFile; fileRef = 77F6FABD293F183500EBD0A9 /* SF-Pro-Text-Semibold.otf */; };
		77F6FAD0293F183500EBD0A9 /* SF-Pro-Text-HeavyItalic.otf in Resources */ = {isa = PBXBuildFile; fileRef = 77F6FABE293F183500EBD0A9 /* SF-Pro-Text-HeavyItalic.otf */; };
		77F6FAD1293F183500EBD0A9 /* SF-Pro-Text-LightItalic.otf in Resources */ = {isa = PBXBuildFile; fileRef = 77F6FABF293F183500EBD0A9 /* SF-Pro-Text-LightItalic.otf */; };
		77F6FAD2293F183500EBD0A9 /* SF-Pro-Text-Medium.otf in Resources */ = {isa = PBXBuildFile; fileRef = 77F6FAC0293F183500EBD0A9 /* SF-Pro-Text-Medium.otf */; };
		77F6FAD3293F183500EBD0A9 /* SF-Pro-Text-SemiboldItalic.otf in Resources */ = {isa = PBXBuildFile; fileRef = 77F6FAC1293F183500EBD0A9 /* SF-Pro-Text-SemiboldItalic.otf */; };
		77F6FADE293F1FF400EBD0A9 /* signUpViewModel.swift in Sources */ = {isa = PBXBuildFile; fileRef = 77F6FADD293F1FF400EBD0A9 /* signUpViewModel.swift */; };
		77F6FAE2293F200800EBD0A9 /* signUpModel.swift in Sources */ = {isa = PBXBuildFile; fileRef = 77F6FAE1293F200800EBD0A9 /* signUpModel.swift */; };
		77F6FAE6293F204100EBD0A9 /* signUp_signInNetwork.swift in Sources */ = {isa = PBXBuildFile; fileRef = 77F6FAE5293F204100EBD0A9 /* signUp_signInNetwork.swift */; };
		7D1D013A293F242C00D98E7A /* SignInViewController.swift in Sources */ = {isa = PBXBuildFile; fileRef = 7D1D0139293F242C00D98E7A /* SignInViewController.swift */; };
		83FE355E294729A500B557CC /* LessonTestViewController.swift in Sources */ = {isa = PBXBuildFile; fileRef = 83FE355D294729A500B557CC /* LessonTestViewController.swift */; };
		83FE3561294729B500B557CC /* LessonViewController.swift in Sources */ = {isa = PBXBuildFile; fileRef = 83FE3560294729B500B557CC /* LessonViewController.swift */; };
		83FE3564294729C000B557CC /* TestViewController.swift in Sources */ = {isa = PBXBuildFile; fileRef = 83FE3563294729C000B557CC /* TestViewController.swift */; };
		83FE3567294729E600B557CC /* LessonableViewCell.swift in Sources */ = {isa = PBXBuildFile; fileRef = 83FE3566294729E600B557CC /* LessonableViewCell.swift */; };
		83FE356A294729F900B557CC /* TestTableViewCell.swift in Sources */ = {isa = PBXBuildFile; fileRef = 83FE3569294729F900B557CC /* TestTableViewCell.swift */; };
		83FE357729472C1700B557CC /* CustomButton.swift in Sources */ = {isa = PBXBuildFile; fileRef = 83FE357629472C1700B557CC /* CustomButton.swift */; };
		83FE358229473B9800B557CC /* LessonViewModel.swift in Sources */ = {isa = PBXBuildFile; fileRef = 83FE358129473B9800B557CC /* LessonViewModel.swift */; };
		83FE358529473F8700B557CC /* LessonModel.swift in Sources */ = {isa = PBXBuildFile; fileRef = 83FE358429473F8700B557CC /* LessonModel.swift */; };
/* End PBXBuildFile section */

/* Begin PBXFileReference section */
		77065568294341C00018056D /* ForgotPasswordViewController.swift */ = {isa = PBXFileReference; fileEncoding = 4; lastKnownFileType = sourcecode.swift; path = ForgotPasswordViewController.swift; sourceTree = "<group>"; };
		7706556B294341D10018056D /* CreatePasswordViewController.swift */ = {isa = PBXFileReference; fileEncoding = 4; lastKnownFileType = sourcecode.swift; path = CreatePasswordViewController.swift; sourceTree = "<group>"; };
		7715EFFF2941AAB800E04728 /* subjectsTableViewCell.swift */ = {isa = PBXFileReference; fileEncoding = 4; lastKnownFileType = sourcecode.swift; path = subjectsTableViewCell.swift; sourceTree = "<group>"; };
		7715F0082941ADEE00E04728 /* ProfileViewController.swift */ = {isa = PBXFileReference; fileEncoding = 4; lastKnownFileType = sourcecode.swift; path = ProfileViewController.swift; sourceTree = "<group>"; };
		7715F00B2941F65300E04728 /* TabBarViewController.swift */ = {isa = PBXFileReference; lastKnownFileType = sourcecode.swift; path = TabBarViewController.swift; sourceTree = "<group>"; };
		7715F00E294212EC00E04728 /* varifyAccountViewModel.swift */ = {isa = PBXFileReference; lastKnownFileType = sourcecode.swift; path = varifyAccountViewModel.swift; sourceTree = "<group>"; };
		7715F0112942146300E04728 /* varificationNetwork.swift */ = {isa = PBXFileReference; lastKnownFileType = sourcecode.swift; path = varificationNetwork.swift; sourceTree = "<group>"; };
		77517EBF293F7FD8002FED03 /* SignUpViewController.swift */ = {isa = PBXFileReference; fileEncoding = 4; lastKnownFileType = sourcecode.swift; path = SignUpViewController.swift; sourceTree = "<group>"; };
		77517EC2293F7FDE002FED03 /* VarifyAccountViewController.swift */ = {isa = PBXFileReference; fileEncoding = 4; lastKnownFileType = sourcecode.swift; path = VarifyAccountViewController.swift; sourceTree = "<group>"; };
		77517EC5293F8841002FED03 /* HomeScreenViewController.swift */ = {isa = PBXFileReference; lastKnownFileType = sourcecode.swift; path = HomeScreenViewController.swift; sourceTree = "<group>"; };
		775C2BF329404D31003E7405 /* HomeScreenCollectionViewCell.swift */ = {isa = PBXFileReference; lastKnownFileType = sourcecode.swift; path = HomeScreenCollectionViewCell.swift; sourceTree = "<group>"; };
		775C2BF729408A5C003E7405 /* OnBoardingOneViewController.swift */ = {isa = PBXFileReference; fileEncoding = 4; lastKnownFileType = sourcecode.swift; path = OnBoardingOneViewController.swift; sourceTree = "<group>"; };
		775C2BFA29408A65003E7405 /* OnBoardinCollectionViewCell.swift */ = {isa = PBXFileReference; fileEncoding = 4; lastKnownFileType = sourcecode.swift; path = OnBoardinCollectionViewCell.swift; sourceTree = "<group>"; };
		775C2BFD29408A72003E7405 /* OnBoardingSlide .swift */ = {isa = PBXFileReference; fileEncoding = 4; lastKnownFileType = sourcecode.swift; path = "OnBoardingSlide .swift"; sourceTree = "<group>"; };
		7772117129474CB90064B305 /* KeyChainFIle.swift */ = {isa = PBXFileReference; fileEncoding = 4; lastKnownFileType = sourcecode.swift; name = KeyChainFIle.swift; path = "../../../../../Users/harsharmundaragi/Desktop/zip/Main-i-Learn/i-LeanAppAssessment/Key chain/KeyChainFIle.swift"; sourceTree = "<group>"; };
		7772117429474CC10064B305 /* SkipButton.swift */ = {isa = PBXFileReference; fileEncoding = 4; lastKnownFileType = sourcecode.swift; name = SkipButton.swift; path = "../../../../../Users/harsharmundaragi/Desktop/zip/Main-i-Learn/i-LeanAppAssessment/Custom button/SkipButton.swift"; sourceTree = "<group>"; };
		7772117729474CC40064B305 /* SkipCustomButtob.swift */ = {isa = PBXFileReference; fileEncoding = 4; lastKnownFileType = sourcecode.swift; name = SkipCustomButtob.swift; path = "../../../../../Users/harsharmundaragi/Desktop/zip/Main-i-Learn/i-LeanAppAssessment/Custom button/SkipCustomButtob.swift"; sourceTree = "<group>"; };
		777886222940AC28001E7E1F /* SearchResultViewController.swift */ = {isa = PBXFileReference; fileEncoding = 4; lastKnownFileType = sourcecode.swift; path = SearchResultViewController.swift; sourceTree = "<group>"; };
		777886252940DCA9001E7E1F /* signInViewModel.swift */ = {isa = PBXFileReference; lastKnownFileType = sourcecode.swift; path = signInViewModel.swift; sourceTree = "<group>"; };
		777ADEBC29502E5500175BF1 /* AboutSubjectHeaderProgress.swift */ = {isa = PBXFileReference; lastKnownFileType = sourcecode.swift; path = AboutSubjectHeaderProgress.swift; sourceTree = "<group>"; };
		777F16ED294AEA1B0010D807 /* ProfileViewModel.swift */ = {isa = PBXFileReference; lastKnownFileType = sourcecode.swift; path = ProfileViewModel.swift; sourceTree = "<group>"; };
		777F16F1294AEFB90010D807 /* ProfileNetwork.swift */ = {isa = PBXFileReference; lastKnownFileType = sourcecode.swift; path = ProfileNetwork.swift; sourceTree = "<group>"; };
		777F16F6294B009D0010D807 /* ProfileModel.swift */ = {isa = PBXFileReference; lastKnownFileType = sourcecode.swift; path = ProfileModel.swift; sourceTree = "<group>"; };
		777F16F9294B3F870010D807 /* ProfileEditViewModel.swift */ = {isa = PBXFileReference; lastKnownFileType = sourcecode.swift; path = ProfileEditViewModel.swift; sourceTree = "<group>"; };
		777F16FC294B42060010D807 /* EditProfileNetwork.swift */ = {isa = PBXFileReference; lastKnownFileType = sourcecode.swift; path = EditProfileNetwork.swift; sourceTree = "<group>"; };
		777FB2A8294857B100718711 /* LessonDetailVideoAudioViewController.swift */ = {isa = PBXFileReference; lastKnownFileType = sourcecode.swift; path = LessonDetailVideoAudioViewController.swift; sourceTree = "<group>"; };
		7781D697294DDCDF0020D973 /* ResultsViewController.swift */ = {isa = PBXFileReference; fileEncoding = 4; lastKnownFileType = sourcecode.swift; path = ResultsViewController.swift; sourceTree = "<group>"; };
		7781D69A294DDCF80020D973 /* ResultsTableViewCell.swift */ = {isa = PBXFileReference; fileEncoding = 4; lastKnownFileType = sourcecode.swift; path = ResultsTableViewCell.swift; sourceTree = "<group>"; };
		7781D69D294DEB930020D973 /* ResultModel.swift */ = {isa = PBXFileReference; lastKnownFileType = sourcecode.swift; path = ResultModel.swift; sourceTree = "<group>"; };
		7781D6A0294DFCCD0020D973 /* HomeViewModel.swift */ = {isa = PBXFileReference; lastKnownFileType = sourcecode.swift; path = HomeViewModel.swift; sourceTree = "<group>"; };
		7781D6A3294DFE970020D973 /* HomeNetwork.swift */ = {isa = PBXFileReference; lastKnownFileType = sourcecode.swift; path = HomeNetwork.swift; sourceTree = "<group>"; };
		7781D6A6294E01F00020D973 /* CurrentyStudyingModel.swift */ = {isa = PBXFileReference; lastKnownFileType = sourcecode.swift; path = CurrentyStudyingModel.swift; sourceTree = "<group>"; };
		7786FC8B2945A8F200A0B956 /* AboutSubjectViewController.swift */ = {isa = PBXFileReference; lastKnownFileType = sourcecode.swift; path = AboutSubjectViewController.swift; sourceTree = "<group>"; };
		7786FC8F2945ABC200A0B956 /* AboutSubjectCollectionViewCell.swift */ = {isa = PBXFileReference; lastKnownFileType = sourcecode.swift; path = AboutSubjectCollectionViewCell.swift; sourceTree = "<group>"; };
		7786FC952945B0F700A0B956 /* AboutSubjectTableViewCell.swift */ = {isa = PBXFileReference; lastKnownFileType = sourcecode.swift; path = AboutSubjectTableViewCell.swift; sourceTree = "<group>"; };
		778E6B4829445F0200A44471 /* CreatePasswordViewModel.swift */ = {isa = PBXFileReference; lastKnownFileType = sourcecode.swift; path = CreatePasswordViewModel.swift; sourceTree = "<group>"; };
		77A0571D29545647004C0365 /* OnBoardingSplashViewController.swift */ = {isa = PBXFileReference; lastKnownFileType = sourcecode.swift; path = OnBoardingSplashViewController.swift; sourceTree = "<group>"; };
		77A252402951BAD6006BAC2D /* PlistManager.swift */ = {isa = PBXFileReference; lastKnownFileType = sourcecode.swift; path = PlistManager.swift; sourceTree = "<group>"; };
		77A252432951BEE2006BAC2D /* SkipStatus.plist */ = {isa = PBXFileReference; lastKnownFileType = text.plist.xml; path = SkipStatus.plist; sourceTree = "<group>"; };
		77AEE592294DA28B00906FE4 /* SubjecListViewModel.swift */ = {isa = PBXFileReference; fileEncoding = 4; lastKnownFileType = sourcecode.swift; path = SubjecListViewModel.swift; sourceTree = "<group>"; };
		77AEE595294DA2B700906FE4 /* SubjectListModel.swift */ = {isa = PBXFileReference; fileEncoding = 4; lastKnownFileType = sourcecode.swift; path = SubjectListModel.swift; sourceTree = "<group>"; };
		77AEE598294DA2CD00906FE4 /* SubjectListNetwork.swift */ = {isa = PBXFileReference; fileEncoding = 4; lastKnownFileType = sourcecode.swift; path = SubjectListNetwork.swift; sourceTree = "<group>"; };
		77AEE59C294DA69800906FE4 /* AboutSubjectViewModel.swift */ = {isa = PBXFileReference; fileEncoding = 4; lastKnownFileType = sourcecode.swift; path = AboutSubjectViewModel.swift; sourceTree = "<group>"; };
		77AEE59F294DA6B300906FE4 /* AboutSubjectNetwork.swift */ = {isa = PBXFileReference; fileEncoding = 4; lastKnownFileType = sourcecode.swift; path = AboutSubjectNetwork.swift; sourceTree = "<group>"; };
		77AEE5A2294DA7B500906FE4 /* AboutHeaderCell.swift */ = {isa = PBXFileReference; fileEncoding = 4; lastKnownFileType = sourcecode.swift; path = AboutHeaderCell.swift; sourceTree = "<group>"; };
		77AEE5A5294DA8E200906FE4 /* SubjectDetailsModel.swift */ = {isa = PBXFileReference; fileEncoding = 4; lastKnownFileType = sourcecode.swift; path = SubjectDetailsModel.swift; sourceTree = "<group>"; };
		77AEE5AC294DA9DA00906FE4 /* UnitModel.swift */ = {isa = PBXFileReference; fileEncoding = 4; lastKnownFileType = sourcecode.swift; path = UnitModel.swift; sourceTree = "<group>"; };
		77AEE5AF294DA9E000906FE4 /* leassonModel.swift */ = {isa = PBXFileReference; fileEncoding = 4; lastKnownFileType = sourcecode.swift; path = leassonModel.swift; sourceTree = "<group>"; };
		77AEE5B2294DACB000906FE4 /* Lesson.swift */ = {isa = PBXFileReference; fileEncoding = 4; lastKnownFileType = sourcecode.swift; path = Lesson.swift; sourceTree = "<group>"; };
		77AEE5B5294DADB500906FE4 /* LessonDetailsViewController.swift */ = {isa = PBXFileReference; fileEncoding = 4; lastKnownFileType = sourcecode.swift; path = LessonDetailsViewController.swift; sourceTree = "<group>"; };
		77AEE5B8294DB0AE00906FE4 /* LessonDetailViewModel.swift */ = {isa = PBXFileReference; fileEncoding = 4; lastKnownFileType = sourcecode.swift; path = LessonDetailViewModel.swift; sourceTree = "<group>"; };
		77AEE5BB294DB0DA00906FE4 /* BottomUpCollectionViewCell.swift */ = {isa = PBXFileReference; fileEncoding = 4; lastKnownFileType = sourcecode.swift; path = BottomUpCollectionViewCell.swift; sourceTree = "<group>"; };
		77AEE5BE294DB10600906FE4 /* LessonDetailModel.swift */ = {isa = PBXFileReference; fileEncoding = 4; lastKnownFileType = sourcecode.swift; path = LessonDetailModel.swift; sourceTree = "<group>"; };
		77AEE5C1294DB17900906FE4 /* LessonDetailNetwork.swift */ = {isa = PBXFileReference; fileEncoding = 4; lastKnownFileType = sourcecode.swift; path = LessonDetailNetwork.swift; sourceTree = "<group>"; };
		77AEE5C6294DB2AB00906FE4 /* TestResultTimeoutViewController.swift */ = {isa = PBXFileReference; fileEncoding = 4; lastKnownFileType = sourcecode.swift; path = TestResultTimeoutViewController.swift; sourceTree = "<group>"; };
		77AEE5C7294DB2AB00906FE4 /* TestResultViewController.swift */ = {isa = PBXFileReference; fileEncoding = 4; lastKnownFileType = sourcecode.swift; path = TestResultViewController.swift; sourceTree = "<group>"; };
		77AEE5CD294DB3A200906FE4 /* ProgressBarViewTwo.swift */ = {isa = PBXFileReference; fileEncoding = 4; lastKnownFileType = sourcecode.swift; path = ProgressBarViewTwo.swift; sourceTree = "<group>"; };
		77AEE5CE294DB3A200906FE4 /* ProgressBarView.swift */ = {isa = PBXFileReference; fileEncoding = 4; lastKnownFileType = sourcecode.swift; path = ProgressBarView.swift; sourceTree = "<group>"; };
		77BE859E294C9AD700676F5B /* UserDataModel.swift */ = {isa = PBXFileReference; lastKnownFileType = sourcecode.swift; path = UserDataModel.swift; sourceTree = "<group>"; };
		77BE85A3294CA68500676F5B /* NotificationViewModel.swift */ = {isa = PBXFileReference; lastKnownFileType = sourcecode.swift; path = NotificationViewModel.swift; sourceTree = "<group>"; };
		77BE85A6294CA75100676F5B /* NotificationNetwork.swift */ = {isa = PBXFileReference; lastKnownFileType = sourcecode.swift; path = NotificationNetwork.swift; sourceTree = "<group>"; };
		77BE85A9294CABA900676F5B /* NotificationMOdel.swift */ = {isa = PBXFileReference; lastKnownFileType = sourcecode.swift; path = NotificationMOdel.swift; sourceTree = "<group>"; };
		77C73D892944A1CB003031EF /* SubjectDetailsViewController.swift */ = {isa = PBXFileReference; lastKnownFileType = sourcecode.swift; path = SubjectDetailsViewController.swift; sourceTree = "<group>"; };
		77C73D8F2944A8E5003031EF /* StudyingViewController.swift */ = {isa = PBXFileReference; lastKnownFileType = sourcecode.swift; path = StudyingViewController.swift; sourceTree = "<group>"; };
		77C73D922944A945003031EF /* LikedViewController.swift */ = {isa = PBXFileReference; lastKnownFileType = sourcecode.swift; path = LikedViewController.swift; sourceTree = "<group>"; };
		77DFCF2629499CB0002F1CFC /* AudioTableViewCell.swift */ = {isa = PBXFileReference; lastKnownFileType = sourcecode.swift; path = AudioTableViewCell.swift; sourceTree = "<group>"; };
		77DFCF2C2949FC1C002F1CFC /* ProfileEditViewController.swift */ = {isa = PBXFileReference; fileEncoding = 4; lastKnownFileType = sourcecode.swift; path = ProfileEditViewController.swift; sourceTree = "<group>"; };
		77E0BC082940A6E400CA0EF0 /* NotificationViewController.swift */ = {isa = PBXFileReference; fileEncoding = 4; lastKnownFileType = sourcecode.swift; path = NotificationViewController.swift; sourceTree = "<group>"; };
		77E0BC0F2940A8FC00CA0EF0 /* NotificationsTableViewCell.swift */ = {isa = PBXFileReference; fileEncoding = 4; lastKnownFileType = sourcecode.swift; path = NotificationsTableViewCell.swift; sourceTree = "<group>"; };
		77F2A0162941A8670034CFB6 /* SubjectListViewController.swift */ = {isa = PBXFileReference; fileEncoding = 4; lastKnownFileType = sourcecode.swift; path = SubjectListViewController.swift; sourceTree = "<group>"; };
		77F6FA58293F060100EBD0A9 /* i-LeanAppAssessment.app */ = {isa = PBXFileReference; explicitFileType = wrapper.application; includeInIndex = 0; path = "i-LeanAppAssessment.app"; sourceTree = BUILT_PRODUCTS_DIR; };
		77F6FA5B293F060100EBD0A9 /* AppDelegate.swift */ = {isa = PBXFileReference; lastKnownFileType = sourcecode.swift; path = AppDelegate.swift; sourceTree = "<group>"; };
		77F6FA5D293F060100EBD0A9 /* SceneDelegate.swift */ = {isa = PBXFileReference; lastKnownFileType = sourcecode.swift; path = SceneDelegate.swift; sourceTree = "<group>"; };
		77F6FA62293F060100EBD0A9 /* Base */ = {isa = PBXFileReference; lastKnownFileType = file.storyboard; name = Base; path = Base.lproj/Main.storyboard; sourceTree = "<group>"; };
		77F6FA64293F060100EBD0A9 /* Assets.xcassets */ = {isa = PBXFileReference; lastKnownFileType = folder.assetcatalog; path = Assets.xcassets; sourceTree = "<group>"; };
		77F6FA67293F060100EBD0A9 /* Base */ = {isa = PBXFileReference; lastKnownFileType = file.storyboard; name = Base; path = Base.lproj/LaunchScreen.storyboard; sourceTree = "<group>"; };
		77F6FA69293F060100EBD0A9 /* Info.plist */ = {isa = PBXFileReference; lastKnownFileType = text.plist.xml; path = Info.plist; sourceTree = "<group>"; };
		77F6FA71293F138C00EBD0A9 /* Rubik-VariableFont_wght.ttf */ = {isa = PBXFileReference; lastKnownFileType = file; path = "Rubik-VariableFont_wght.ttf"; sourceTree = "<group>"; };
		77F6FA72293F138C00EBD0A9 /* Rubik-Italic-VariableFont_wght.ttf */ = {isa = PBXFileReference; lastKnownFileType = file; path = "Rubik-Italic-VariableFont_wght.ttf"; sourceTree = "<group>"; };
		77F6FA74293F138C00EBD0A9 /* Rubik-MediumItalic.ttf */ = {isa = PBXFileReference; lastKnownFileType = file; path = "Rubik-MediumItalic.ttf"; sourceTree = "<group>"; };
		77F6FA75293F138C00EBD0A9 /* Rubik-Bold.ttf */ = {isa = PBXFileReference; lastKnownFileType = file; path = "Rubik-Bold.ttf"; sourceTree = "<group>"; };
		77F6FA76293F138C00EBD0A9 /* Rubik-SemiBoldItalic.ttf */ = {isa = PBXFileReference; lastKnownFileType = file; path = "Rubik-SemiBoldItalic.ttf"; sourceTree = "<group>"; };
		77F6FA77293F138C00EBD0A9 /* Rubik-Light.ttf */ = {isa = PBXFileReference; lastKnownFileType = file; path = "Rubik-Light.ttf"; sourceTree = "<group>"; };
		77F6FA78293F138C00EBD0A9 /* Rubik-Medium.ttf */ = {isa = PBXFileReference; lastKnownFileType = file; path = "Rubik-Medium.ttf"; sourceTree = "<group>"; };
		77F6FA79293F138C00EBD0A9 /* Rubik-ExtraBoldItalic.ttf */ = {isa = PBXFileReference; lastKnownFileType = file; path = "Rubik-ExtraBoldItalic.ttf"; sourceTree = "<group>"; };
		77F6FA7A293F138C00EBD0A9 /* Rubik-Black.ttf */ = {isa = PBXFileReference; lastKnownFileType = file; path = "Rubik-Black.ttf"; sourceTree = "<group>"; };
		77F6FA7B293F138C00EBD0A9 /* Rubik-Italic.ttf */ = {isa = PBXFileReference; lastKnownFileType = file; path = "Rubik-Italic.ttf"; sourceTree = "<group>"; };
		77F6FA7C293F138C00EBD0A9 /* Rubik-LightItalic.ttf */ = {isa = PBXFileReference; lastKnownFileType = file; path = "Rubik-LightItalic.ttf"; sourceTree = "<group>"; };
		77F6FA7D293F138C00EBD0A9 /* Rubik-SemiBold.ttf */ = {isa = PBXFileReference; lastKnownFileType = file; path = "Rubik-SemiBold.ttf"; sourceTree = "<group>"; };
		77F6FA7E293F138C00EBD0A9 /* Rubik-BlackItalic.ttf */ = {isa = PBXFileReference; lastKnownFileType = file; path = "Rubik-BlackItalic.ttf"; sourceTree = "<group>"; };
		77F6FA7F293F138C00EBD0A9 /* Rubik-ExtraBold.ttf */ = {isa = PBXFileReference; lastKnownFileType = file; path = "Rubik-ExtraBold.ttf"; sourceTree = "<group>"; };
		77F6FA80293F138C00EBD0A9 /* Rubik-Regular.ttf */ = {isa = PBXFileReference; lastKnownFileType = file; path = "Rubik-Regular.ttf"; sourceTree = "<group>"; };
		77F6FA81293F138C00EBD0A9 /* Rubik-BoldItalic.ttf */ = {isa = PBXFileReference; lastKnownFileType = file; path = "Rubik-BoldItalic.ttf"; sourceTree = "<group>"; };
		77F6FA82293F138C00EBD0A9 /* OFL.txt */ = {isa = PBXFileReference; fileEncoding = 4; lastKnownFileType = text; path = OFL.txt; sourceTree = "<group>"; };
		77F6FA83293F138C00EBD0A9 /* README.txt */ = {isa = PBXFileReference; fileEncoding = 4; lastKnownFileType = text; path = README.txt; sourceTree = "<group>"; };
		77F6FA9C293F169100EBD0A9 /* SFPRODISPLAYSEMIBOLDITALIC.OTF */ = {isa = PBXFileReference; lastKnownFileType = file; path = SFPRODISPLAYSEMIBOLDITALIC.OTF; sourceTree = "<group>"; };
		77F6FA9D293F169100EBD0A9 /* SFPRODISPLAYHEAVYITALIC.OTF */ = {isa = PBXFileReference; lastKnownFileType = file; path = SFPRODISPLAYHEAVYITALIC.OTF; sourceTree = "<group>"; };
		77F6FA9E293F169100EBD0A9 /* SFPRODISPLAYLIGHTITALIC.OTF */ = {isa = PBXFileReference; lastKnownFileType = file; path = SFPRODISPLAYLIGHTITALIC.OTF; sourceTree = "<group>"; };
		77F6FA9F293F169100EBD0A9 /* SFPRODISPLAYBLACKITALIC.OTF */ = {isa = PBXFileReference; lastKnownFileType = file; path = SFPRODISPLAYBLACKITALIC.OTF; sourceTree = "<group>"; };
		77F6FAA0293F169100EBD0A9 /* SFPRODISPLAYREGULAR.OTF */ = {isa = PBXFileReference; lastKnownFileType = file; path = SFPRODISPLAYREGULAR.OTF; sourceTree = "<group>"; };
		77F6FAA1293F169100EBD0A9 /* SFPRODISPLAYTHINITALIC.OTF */ = {isa = PBXFileReference; lastKnownFileType = file; path = SFPRODISPLAYTHINITALIC.OTF; sourceTree = "<group>"; };
		77F6FAA2293F169100EBD0A9 /* SFPRODISPLAYBOLD.OTF */ = {isa = PBXFileReference; lastKnownFileType = file; path = SFPRODISPLAYBOLD.OTF; sourceTree = "<group>"; };
		77F6FAA3293F169100EBD0A9 /* SFPRODISPLAYMEDIUM.OTF */ = {isa = PBXFileReference; lastKnownFileType = file; path = SFPRODISPLAYMEDIUM.OTF; sourceTree = "<group>"; };
		77F6FAA4293F169100EBD0A9 /* SFPRODISPLAYULTRALIGHTITALIC.OTF */ = {isa = PBXFileReference; lastKnownFileType = file; path = SFPRODISPLAYULTRALIGHTITALIC.OTF; sourceTree = "<group>"; };
		77F6FAB0293F183500EBD0A9 /* SF-Pro-Text-UltralightItalic.otf */ = {isa = PBXFileReference; lastKnownFileType = file; path = "SF-Pro-Text-UltralightItalic.otf"; sourceTree = "<group>"; };
		77F6FAB1293F183500EBD0A9 /* SF-Pro-Text-Heavy.otf */ = {isa = PBXFileReference; lastKnownFileType = file; path = "SF-Pro-Text-Heavy.otf"; sourceTree = "<group>"; };
		77F6FAB2293F183500EBD0A9 /* SF-Pro-Text-MediumItalic.otf */ = {isa = PBXFileReference; lastKnownFileType = file; path = "SF-Pro-Text-MediumItalic.otf"; sourceTree = "<group>"; };
		77F6FAB3293F183500EBD0A9 /* SF-Pro-Text-Light.otf */ = {isa = PBXFileReference; lastKnownFileType = file; path = "SF-Pro-Text-Light.otf"; sourceTree = "<group>"; };
		77F6FAB4293F183500EBD0A9 /* SF-Pro-Text-BlackItalic.otf */ = {isa = PBXFileReference; lastKnownFileType = file; path = "SF-Pro-Text-BlackItalic.otf"; sourceTree = "<group>"; };
		77F6FAB5293F183500EBD0A9 /* SF-Pro-Text-Black.otf */ = {isa = PBXFileReference; lastKnownFileType = file; path = "SF-Pro-Text-Black.otf"; sourceTree = "<group>"; };
		77F6FAB6293F183500EBD0A9 /* SF-Pro-Text-Regular.otf */ = {isa = PBXFileReference; lastKnownFileType = file; path = "SF-Pro-Text-Regular.otf"; sourceTree = "<group>"; };
		77F6FAB7293F183500EBD0A9 /* SF-Pro-Text-Ultralight.otf */ = {isa = PBXFileReference; lastKnownFileType = file; path = "SF-Pro-Text-Ultralight.otf"; sourceTree = "<group>"; };
		77F6FAB8293F183500EBD0A9 /* SF-Pro-Text-Bold.otf */ = {isa = PBXFileReference; lastKnownFileType = file; path = "SF-Pro-Text-Bold.otf"; sourceTree = "<group>"; };
		77F6FAB9293F183500EBD0A9 /* SF-Pro-Text-Thin.otf */ = {isa = PBXFileReference; lastKnownFileType = file; path = "SF-Pro-Text-Thin.otf"; sourceTree = "<group>"; };
		77F6FABA293F183500EBD0A9 /* SF-Pro-Text-ThinItalic.otf */ = {isa = PBXFileReference; lastKnownFileType = file; path = "SF-Pro-Text-ThinItalic.otf"; sourceTree = "<group>"; };
		77F6FABB293F183500EBD0A9 /* SF-Pro-Text-BoldItalic.otf */ = {isa = PBXFileReference; lastKnownFileType = file; path = "SF-Pro-Text-BoldItalic.otf"; sourceTree = "<group>"; };
		77F6FABC293F183500EBD0A9 /* SF-Pro-Text-RegularItalic.otf */ = {isa = PBXFileReference; lastKnownFileType = file; path = "SF-Pro-Text-RegularItalic.otf"; sourceTree = "<group>"; };
		77F6FABD293F183500EBD0A9 /* SF-Pro-Text-Semibold.otf */ = {isa = PBXFileReference; lastKnownFileType = file; path = "SF-Pro-Text-Semibold.otf"; sourceTree = "<group>"; };
		77F6FABE293F183500EBD0A9 /* SF-Pro-Text-HeavyItalic.otf */ = {isa = PBXFileReference; lastKnownFileType = file; path = "SF-Pro-Text-HeavyItalic.otf"; sourceTree = "<group>"; };
		77F6FABF293F183500EBD0A9 /* SF-Pro-Text-LightItalic.otf */ = {isa = PBXFileReference; lastKnownFileType = file; path = "SF-Pro-Text-LightItalic.otf"; sourceTree = "<group>"; };
		77F6FAC0293F183500EBD0A9 /* SF-Pro-Text-Medium.otf */ = {isa = PBXFileReference; lastKnownFileType = file; path = "SF-Pro-Text-Medium.otf"; sourceTree = "<group>"; };
		77F6FAC1293F183500EBD0A9 /* SF-Pro-Text-SemiboldItalic.otf */ = {isa = PBXFileReference; lastKnownFileType = file; path = "SF-Pro-Text-SemiboldItalic.otf"; sourceTree = "<group>"; };
		77F6FADD293F1FF400EBD0A9 /* signUpViewModel.swift */ = {isa = PBXFileReference; lastKnownFileType = sourcecode.swift; path = signUpViewModel.swift; sourceTree = "<group>"; };
		77F6FAE1293F200800EBD0A9 /* signUpModel.swift */ = {isa = PBXFileReference; lastKnownFileType = sourcecode.swift; path = signUpModel.swift; sourceTree = "<group>"; };
		77F6FAE5293F204100EBD0A9 /* signUp_signInNetwork.swift */ = {isa = PBXFileReference; lastKnownFileType = sourcecode.swift; path = signUp_signInNetwork.swift; sourceTree = "<group>"; };
		7D1D0139293F242C00D98E7A /* SignInViewController.swift */ = {isa = PBXFileReference; lastKnownFileType = sourcecode.swift; path = SignInViewController.swift; sourceTree = "<group>"; };
		83FE355D294729A500B557CC /* LessonTestViewController.swift */ = {isa = PBXFileReference; lastKnownFileType = sourcecode.swift; path = LessonTestViewController.swift; sourceTree = "<group>"; };
		83FE3560294729B500B557CC /* LessonViewController.swift */ = {isa = PBXFileReference; lastKnownFileType = sourcecode.swift; path = LessonViewController.swift; sourceTree = "<group>"; };
		83FE3563294729C000B557CC /* TestViewController.swift */ = {isa = PBXFileReference; lastKnownFileType = sourcecode.swift; path = TestViewController.swift; sourceTree = "<group>"; };
		83FE3566294729E600B557CC /* LessonableViewCell.swift */ = {isa = PBXFileReference; lastKnownFileType = sourcecode.swift; path = LessonableViewCell.swift; sourceTree = "<group>"; };
		83FE3569294729F900B557CC /* TestTableViewCell.swift */ = {isa = PBXFileReference; lastKnownFileType = sourcecode.swift; path = TestTableViewCell.swift; sourceTree = "<group>"; };
		83FE357629472C1700B557CC /* CustomButton.swift */ = {isa = PBXFileReference; lastKnownFileType = sourcecode.swift; path = CustomButton.swift; sourceTree = "<group>"; };
		83FE358129473B9800B557CC /* LessonViewModel.swift */ = {isa = PBXFileReference; lastKnownFileType = sourcecode.swift; path = LessonViewModel.swift; sourceTree = "<group>"; };
		83FE358429473F8700B557CC /* LessonModel.swift */ = {isa = PBXFileReference; lastKnownFileType = sourcecode.swift; path = LessonModel.swift; sourceTree = "<group>"; };
/* End PBXFileReference section */

/* Begin PBXFrameworksBuildPhase section */
		77F6FA55293F060100EBD0A9 /* Frameworks */ = {
			isa = PBXFrameworksBuildPhase;
			buildActionMask = 2147483647;
			files = (
			);
			runOnlyForDeploymentPostprocessing = 0;
		};
/* End PBXFrameworksBuildPhase section */

/* Begin PBXGroup section */
		775C2BF229404CFF003E7405 /* cells */ = {
			isa = PBXGroup;
			children = (
				7786FC942945B06700A0B956 /* Table view cell */,
				7786FC932945B03700A0B956 /* Collection view cell */,
			);
			path = cells;
			sourceTree = "<group>";
		};
		777FB2A72948572400718711 /* VideoPlayer */ = {
			isa = PBXGroup;
			children = (
				777FB2A8294857B100718711 /* LessonDetailVideoAudioViewController.swift */,
			);
			path = VideoPlayer;
			sourceTree = "<group>";
		};
		7786FC832945A6FF00A0B956 /* Sign in, sign up, varification and forgotpassword */ = {
			isa = PBXGroup;
			children = (
				7D1D0139293F242C00D98E7A /* SignInViewController.swift */,
				77517EBF293F7FD8002FED03 /* SignUpViewController.swift */,
				77517EC2293F7FDE002FED03 /* VarifyAccountViewController.swift */,
				77065568294341C00018056D /* ForgotPasswordViewController.swift */,
				7706556B294341D10018056D /* CreatePasswordViewController.swift */,
			);
			path = "Sign in, sign up, varification and forgotpassword";
			sourceTree = "<group>";
		};
		7786FC842945A75700A0B956 /* Home */ = {
			isa = PBXGroup;
			children = (
				77DFCF2F2949FC52002F1CFC /* profile  */,
				7715F00B2941F65300E04728 /* TabBarViewController.swift */,
				77517EC5293F8841002FED03 /* HomeScreenViewController.swift */,
				77F2A0162941A8670034CFB6 /* SubjectListViewController.swift */,
				777886222940AC28001E7E1F /* SearchResultViewController.swift */,
			);
			path = Home;
			sourceTree = "<group>";
		};
		7786FC852945A77200A0B956 /* Notification */ = {
			isa = PBXGroup;
			children = (
				77E0BC082940A6E400CA0EF0 /* NotificationViewController.swift */,
			);
			path = Notification;
			sourceTree = "<group>";
		};
		7786FC872945A82100A0B956 /* All, Studying and Liked */ = {
			isa = PBXGroup;
			children = (
				77C73D892944A1CB003031EF /* SubjectDetailsViewController.swift */,
				7786FC8B2945A8F200A0B956 /* AboutSubjectViewController.swift */,
				77C73D8F2944A8E5003031EF /* StudyingViewController.swift */,
				77C73D922944A945003031EF /* LikedViewController.swift */,
			);
			path = "All, Studying and Liked";
			sourceTree = "<group>";
		};
		7786FC932945B03700A0B956 /* Collection view cell */ = {
			isa = PBXGroup;
			children = (
				775C2BF329404D31003E7405 /* HomeScreenCollectionViewCell.swift */,
				7786FC8F2945ABC200A0B956 /* AboutSubjectCollectionViewCell.swift */,
				775C2BFA29408A65003E7405 /* OnBoardinCollectionViewCell.swift */,
				77AEE5BB294DB0DA00906FE4 /* BottomUpCollectionViewCell.swift */,
			);
			path = "Collection view cell";
			sourceTree = "<group>";
		};
		7786FC942945B06700A0B956 /* Table view cell */ = {
			isa = PBXGroup;
			children = (
				77E0BC0F2940A8FC00CA0EF0 /* NotificationsTableViewCell.swift */,
				7715EFFF2941AAB800E04728 /* subjectsTableViewCell.swift */,
				83FE3566294729E600B557CC /* LessonableViewCell.swift */,
				7786FC952945B0F700A0B956 /* AboutSubjectTableViewCell.swift */,
				77AEE5A2294DA7B500906FE4 /* AboutHeaderCell.swift */,
				83FE3569294729F900B557CC /* TestTableViewCell.swift */,
				77DFCF2629499CB0002F1CFC /* AudioTableViewCell.swift */,
				7781D69A294DDCF80020D973 /* ResultsTableViewCell.swift */,
			);
			path = "Table view cell";
			sourceTree = "<group>";
		};
		779C8FD62946E2FD00B233EF /* Key chain */ = {
			isa = PBXGroup;
			children = (
				7772117129474CB90064B305 /* KeyChainFIle.swift */,
			);
			path = "Key chain";
			sourceTree = "<group>";
		};
		77A2523F2951BAB0006BAC2D /* Plist Manager */ = {
			isa = PBXGroup;
			children = (
				77A252402951BAD6006BAC2D /* PlistManager.swift */,
				77A252432951BEE2006BAC2D /* SkipStatus.plist */,
			);
			path = "Plist Manager";
			sourceTree = "<group>";
		};
		77AEE5C5294DB2AB00906FE4 /* TestResult */ = {
			isa = PBXGroup;
			children = (
				77AEE5C6294DB2AB00906FE4 /* TestResultTimeoutViewController.swift */,
				77AEE5C7294DB2AB00906FE4 /* TestResultViewController.swift */,
			);
			path = TestResult;
			sourceTree = "<group>";
		};
		77AEE5D3294DC16500906FE4 /* Progress bar  */ = {
			isa = PBXGroup;
			children = (
				77AEE5CE294DB3A200906FE4 /* ProgressBarView.swift */,
				77AEE5CD294DB3A200906FE4 /* ProgressBarViewTwo.swift */,
				777ADEBC29502E5500175BF1 /* AboutSubjectHeaderProgress.swift */,
			);
			path = "Progress bar ";
			sourceTree = "<group>";
		};
		77C73D952944AA49003031EF /* Custom button */ = {
			isa = PBXGroup;
			children = (
				7772117429474CC10064B305 /* SkipButton.swift */,
				7772117729474CC40064B305 /* SkipCustomButtob.swift */,
				83FE357629472C1700B557CC /* CustomButton.swift */,
			);
			path = "Custom button";
			sourceTree = "<group>";
		};
		77DFCF2F2949FC52002F1CFC /* profile  */ = {
			isa = PBXGroup;
			children = (
				7715F0082941ADEE00E04728 /* ProfileViewController.swift */,
				77DFCF2C2949FC1C002F1CFC /* ProfileEditViewController.swift */,
				7781D697294DDCDF0020D973 /* ResultsViewController.swift */,
			);
			path = "profile ";
			sourceTree = "<group>";
		};
		77F6FA4F293F060100EBD0A9 = {
			isa = PBXGroup;
			children = (
				77F6FA5A293F060100EBD0A9 /* i-LeanAppAssessment */,
				77F6FA59293F060100EBD0A9 /* Products */,
			);
			sourceTree = "<group>";
		};
		77F6FA59293F060100EBD0A9 /* Products */ = {
			isa = PBXGroup;
			children = (
				77F6FA58293F060100EBD0A9 /* i-LeanAppAssessment.app */,
			);
			name = Products;
			sourceTree = "<group>";
		};
		77F6FA5A293F060100EBD0A9 /* i-LeanAppAssessment */ = {
			isa = PBXGroup;
			children = (
				77A2523F2951BAB0006BAC2D /* Plist Manager */,
				77AEE5D3294DC16500906FE4 /* Progress bar  */,
				779C8FD62946E2FD00B233EF /* Key chain */,
				77C73D952944AA49003031EF /* Custom button */,
				77F6FAE8293F204D00EBD0A9 /* Files */,
				77F6FAE4293F201C00EBD0A9 /* Api Network */,
				77F6FADB293F1F8800EBD0A9 /* Model */,
				77F6FADC293F1FC800EBD0A9 /* View model */,
				77F6FADA293F1F7000EBD0A9 /* Controller */,
				77F6FAD7293F1F2800EBD0A9 /* View */,
				77F6FA64293F060100EBD0A9 /* Assets.xcassets */,
				77F6FA66293F060100EBD0A9 /* LaunchScreen.storyboard */,
				77F6FA69293F060100EBD0A9 /* Info.plist */,
			);
			path = "i-LeanAppAssessment";
			sourceTree = "<group>";
		};
		77F6FA70293F138C00EBD0A9 /* Rubik */ = {
			isa = PBXGroup;
			children = (
				77F6FA71293F138C00EBD0A9 /* Rubik-VariableFont_wght.ttf */,
				77F6FA72293F138C00EBD0A9 /* Rubik-Italic-VariableFont_wght.ttf */,
				77F6FA73293F138C00EBD0A9 /* static */,
				77F6FA82293F138C00EBD0A9 /* OFL.txt */,
				77F6FA83293F138C00EBD0A9 /* README.txt */,
			);
			path = Rubik;
			sourceTree = "<group>";
		};
		77F6FA73293F138C00EBD0A9 /* static */ = {
			isa = PBXGroup;
			children = (
				77F6FA74293F138C00EBD0A9 /* Rubik-MediumItalic.ttf */,
				77F6FA75293F138C00EBD0A9 /* Rubik-Bold.ttf */,
				77F6FA76293F138C00EBD0A9 /* Rubik-SemiBoldItalic.ttf */,
				77F6FA77293F138C00EBD0A9 /* Rubik-Light.ttf */,
				77F6FA78293F138C00EBD0A9 /* Rubik-Medium.ttf */,
				77F6FA79293F138C00EBD0A9 /* Rubik-ExtraBoldItalic.ttf */,
				77F6FA7A293F138C00EBD0A9 /* Rubik-Black.ttf */,
				77F6FA7B293F138C00EBD0A9 /* Rubik-Italic.ttf */,
				77F6FA7C293F138C00EBD0A9 /* Rubik-LightItalic.ttf */,
				77F6FA7D293F138C00EBD0A9 /* Rubik-SemiBold.ttf */,
				77F6FA7E293F138C00EBD0A9 /* Rubik-BlackItalic.ttf */,
				77F6FA7F293F138C00EBD0A9 /* Rubik-ExtraBold.ttf */,
				77F6FA80293F138C00EBD0A9 /* Rubik-Regular.ttf */,
				77F6FA81293F138C00EBD0A9 /* Rubik-BoldItalic.ttf */,
			);
			path = static;
			sourceTree = "<group>";
		};
		77F6FA9B293F169100EBD0A9 /* sf-pro-display-cufonfonts */ = {
			isa = PBXGroup;
			children = (
				77F6FA9C293F169100EBD0A9 /* SFPRODISPLAYSEMIBOLDITALIC.OTF */,
				77F6FA9D293F169100EBD0A9 /* SFPRODISPLAYHEAVYITALIC.OTF */,
				77F6FA9E293F169100EBD0A9 /* SFPRODISPLAYLIGHTITALIC.OTF */,
				77F6FA9F293F169100EBD0A9 /* SFPRODISPLAYBLACKITALIC.OTF */,
				77F6FAA0293F169100EBD0A9 /* SFPRODISPLAYREGULAR.OTF */,
				77F6FAA1293F169100EBD0A9 /* SFPRODISPLAYTHINITALIC.OTF */,
				77F6FAA2293F169100EBD0A9 /* SFPRODISPLAYBOLD.OTF */,
				77F6FAA3293F169100EBD0A9 /* SFPRODISPLAYMEDIUM.OTF */,
				77F6FAA4293F169100EBD0A9 /* SFPRODISPLAYULTRALIGHTITALIC.OTF */,
			);
			path = "sf-pro-display-cufonfonts";
			sourceTree = "<group>";
		};
		77F6FAAF293F183500EBD0A9 /* SF Pro Text */ = {
			isa = PBXGroup;
			children = (
				77F6FAB0293F183500EBD0A9 /* SF-Pro-Text-UltralightItalic.otf */,
				77F6FAB1293F183500EBD0A9 /* SF-Pro-Text-Heavy.otf */,
				77F6FAB2293F183500EBD0A9 /* SF-Pro-Text-MediumItalic.otf */,
				77F6FAB3293F183500EBD0A9 /* SF-Pro-Text-Light.otf */,
				77F6FAB4293F183500EBD0A9 /* SF-Pro-Text-BlackItalic.otf */,
				77F6FAB5293F183500EBD0A9 /* SF-Pro-Text-Black.otf */,
				77F6FAB6293F183500EBD0A9 /* SF-Pro-Text-Regular.otf */,
				77F6FAB7293F183500EBD0A9 /* SF-Pro-Text-Ultralight.otf */,
				77F6FAB8293F183500EBD0A9 /* SF-Pro-Text-Bold.otf */,
				77F6FAB9293F183500EBD0A9 /* SF-Pro-Text-Thin.otf */,
				77F6FABA293F183500EBD0A9 /* SF-Pro-Text-ThinItalic.otf */,
				77F6FABB293F183500EBD0A9 /* SF-Pro-Text-BoldItalic.otf */,
				77F6FABC293F183500EBD0A9 /* SF-Pro-Text-RegularItalic.otf */,
				77F6FABD293F183500EBD0A9 /* SF-Pro-Text-Semibold.otf */,
				77F6FABE293F183500EBD0A9 /* SF-Pro-Text-HeavyItalic.otf */,
				77F6FABF293F183500EBD0A9 /* SF-Pro-Text-LightItalic.otf */,
				77F6FAC0293F183500EBD0A9 /* SF-Pro-Text-Medium.otf */,
				77F6FAC1293F183500EBD0A9 /* SF-Pro-Text-SemiboldItalic.otf */,
			);
			path = "SF Pro Text";
			sourceTree = "<group>";
		};
		77F6FAD7293F1F2800EBD0A9 /* View */ = {
			isa = PBXGroup;
			children = (
				77F6FA61293F060100EBD0A9 /* Main.storyboard */,
			);
			path = View;
			sourceTree = "<group>";
		};
		77F6FAD8293F1F3900EBD0A9 /* Delegates */ = {
			isa = PBXGroup;
			children = (
				77F6FA5D293F060100EBD0A9 /* SceneDelegate.swift */,
				77F6FA5B293F060100EBD0A9 /* AppDelegate.swift */,
			);
			path = Delegates;
			sourceTree = "<group>";
		};
		77F6FADA293F1F7000EBD0A9 /* Controller */ = {
			isa = PBXGroup;
			children = (
				77AEE5C5294DB2AB00906FE4 /* TestResult */,
				777FB2A72948572400718711 /* VideoPlayer */,
				83FE355B2947296B00B557CC /* Lesson */,
				7786FC872945A82100A0B956 /* All, Studying and Liked */,
				7786FC852945A77200A0B956 /* Notification */,
				7786FC842945A75700A0B956 /* Home */,
				7786FC832945A6FF00A0B956 /* Sign in, sign up, varification and forgotpassword */,
				775C2BF229404CFF003E7405 /* cells */,
				775C2BF729408A5C003E7405 /* OnBoardingOneViewController.swift */,
				77A0571D29545647004C0365 /* OnBoardingSplashViewController.swift */,
			);
			path = Controller;
			sourceTree = "<group>";
		};
		77F6FADB293F1F8800EBD0A9 /* Model */ = {
			isa = PBXGroup;
			children = (
				77AEE5B2294DACB000906FE4 /* Lesson.swift */,
				77AEE5AF294DA9E000906FE4 /* leassonModel.swift */,
				77AEE5AC294DA9DA00906FE4 /* UnitModel.swift */,
				77AEE5A5294DA8E200906FE4 /* SubjectDetailsModel.swift */,
				77AEE595294DA2B700906FE4 /* SubjectListModel.swift */,
				77F6FAE1293F200800EBD0A9 /* signUpModel.swift */,
				775C2BFD29408A72003E7405 /* OnBoardingSlide .swift */,
				83FE358429473F8700B557CC /* LessonModel.swift */,
				777F16F6294B009D0010D807 /* ProfileModel.swift */,
				77BE859E294C9AD700676F5B /* UserDataModel.swift */,
				77BE85A9294CABA900676F5B /* NotificationMOdel.swift */,
				77AEE5BE294DB10600906FE4 /* LessonDetailModel.swift */,
				7781D69D294DEB930020D973 /* ResultModel.swift */,
				7781D6A6294E01F00020D973 /* CurrentyStudyingModel.swift */,
			);
			path = Model;
			sourceTree = "<group>";
		};
		77F6FADC293F1FC800EBD0A9 /* View model */ = {
			isa = PBXGroup;
			children = (
				77AEE59C294DA69800906FE4 /* AboutSubjectViewModel.swift */,
				77AEE592294DA28B00906FE4 /* SubjecListViewModel.swift */,
				77F6FADD293F1FF400EBD0A9 /* signUpViewModel.swift */,
				777886252940DCA9001E7E1F /* signInViewModel.swift */,
				7715F00E294212EC00E04728 /* varifyAccountViewModel.swift */,
				778E6B4829445F0200A44471 /* CreatePasswordViewModel.swift */,
				83FE358129473B9800B557CC /* LessonViewModel.swift */,
				777F16ED294AEA1B0010D807 /* ProfileViewModel.swift */,
				777F16F9294B3F870010D807 /* ProfileEditViewModel.swift */,
				77BE85A3294CA68500676F5B /* NotificationViewModel.swift */,
				77AEE5B8294DB0AE00906FE4 /* LessonDetailViewModel.swift */,
				7781D6A0294DFCCD0020D973 /* HomeViewModel.swift */,
			);
			path = "View model";
			sourceTree = "<group>";
		};
		77F6FAE4293F201C00EBD0A9 /* Api Network */ = {
			isa = PBXGroup;
			children = (
				77AEE59F294DA6B300906FE4 /* AboutSubjectNetwork.swift */,
				77AEE598294DA2CD00906FE4 /* SubjectListNetwork.swift */,
				77F6FAE5293F204100EBD0A9 /* signUp_signInNetwork.swift */,
				7715F0112942146300E04728 /* varificationNetwork.swift */,
				777F16F1294AEFB90010D807 /* ProfileNetwork.swift */,
				777F16FC294B42060010D807 /* EditProfileNetwork.swift */,
				77BE85A6294CA75100676F5B /* NotificationNetwork.swift */,
				77AEE5C1294DB17900906FE4 /* LessonDetailNetwork.swift */,
				7781D6A3294DFE970020D973 /* HomeNetwork.swift */,
			);
			path = "Api Network";
			sourceTree = "<group>";
		};
		77F6FAE8293F204D00EBD0A9 /* Files */ = {
			isa = PBXGroup;
			children = (
				77F6FA70293F138C00EBD0A9 /* Rubik */,
				77F6FA9B293F169100EBD0A9 /* sf-pro-display-cufonfonts */,
				77F6FAAF293F183500EBD0A9 /* SF Pro Text */,
				77F6FAD8293F1F3900EBD0A9 /* Delegates */,
			);
			path = Files;
			sourceTree = "<group>";
		};
		83FE355B2947296B00B557CC /* Lesson */ = {
			isa = PBXGroup;
			children = (
				77AEE5B5294DADB500906FE4 /* LessonDetailsViewController.swift */,
				83FE355D294729A500B557CC /* LessonTestViewController.swift */,
				83FE3560294729B500B557CC /* LessonViewController.swift */,
				83FE3563294729C000B557CC /* TestViewController.swift */,
			);
			path = Lesson;
			sourceTree = "<group>";
		};
/* End PBXGroup section */

/* Begin PBXNativeTarget section */
		77F6FA57293F060100EBD0A9 /* i-LeanAppAssessment */ = {
			isa = PBXNativeTarget;
			buildConfigurationList = 77F6FA6C293F060100EBD0A9 /* Build configuration list for PBXNativeTarget "i-LeanAppAssessment" */;
			buildPhases = (
				77F6FA54293F060100EBD0A9 /* Sources */,
				77F6FA55293F060100EBD0A9 /* Frameworks */,
				77F6FA56293F060100EBD0A9 /* Resources */,
			);
			buildRules = (
			);
			dependencies = (
			);
			name = "i-LeanAppAssessment";
			productName = "i-LeanAppAssessment";
			productReference = 77F6FA58293F060100EBD0A9 /* i-LeanAppAssessment.app */;
			productType = "com.apple.product-type.application";
		};
/* End PBXNativeTarget section */

/* Begin PBXProject section */
		77F6FA50293F060100EBD0A9 /* Project object */ = {
			isa = PBXProject;
			attributes = {
				LastSwiftUpdateCheck = 1240;
				LastUpgradeCheck = 1240;
				TargetAttributes = {
					77F6FA57293F060100EBD0A9 = {
						CreatedOnToolsVersion = 12.4;
					};
				};
			};
			buildConfigurationList = 77F6FA53293F060100EBD0A9 /* Build configuration list for PBXProject "i-LeanAppAssessment" */;
			compatibilityVersion = "Xcode 9.3";
			developmentRegion = en;
			hasScannedForEncodings = 0;
			knownRegions = (
				en,
				Base,
			);
			mainGroup = 77F6FA4F293F060100EBD0A9;
			productRefGroup = 77F6FA59293F060100EBD0A9 /* Products */;
			projectDirPath = "";
			projectRoot = "";
			targets = (
				77F6FA57293F060100EBD0A9 /* i-LeanAppAssessment */,
			);
		};
/* End PBXProject section */

/* Begin PBXResourcesBuildPhase section */
		77F6FA56293F060100EBD0A9 /* Resources */ = {
			isa = PBXResourcesBuildPhase;
			buildActionMask = 2147483647;
			files = (
				77F6FAC2293F183500EBD0A9 /* SF-Pro-Text-UltralightItalic.otf in Resources */,
				77F6FA85293F138C00EBD0A9 /* Rubik-Italic-VariableFont_wght.ttf in Resources */,
				77F6FAAC293F169100EBD0A9 /* SFPRODISPLAYMEDIUM.OTF in Resources */,
				77F6FA86293F138C00EBD0A9 /* Rubik-MediumItalic.ttf in Resources */,
				77F6FAA5293F169100EBD0A9 /* SFPRODISPLAYSEMIBOLDITALIC.OTF in Resources */,
				77F6FA68293F060100EBD0A9 /* LaunchScreen.storyboard in Resources */,
				77F6FA88293F138C00EBD0A9 /* Rubik-SemiBoldItalic.ttf in Resources */,
				77F6FA89293F138C00EBD0A9 /* Rubik-Light.ttf in Resources */,
				77F6FACF293F183500EBD0A9 /* SF-Pro-Text-Semibold.otf in Resources */,
				77F6FA65293F060100EBD0A9 /* Assets.xcassets in Resources */,
				77F6FA8C293F138C00EBD0A9 /* Rubik-Black.ttf in Resources */,
				77F6FAA9293F169100EBD0A9 /* SFPRODISPLAYREGULAR.OTF in Resources */,
				77F6FAA7293F169100EBD0A9 /* SFPRODISPLAYLIGHTITALIC.OTF in Resources */,
				77F6FA87293F138C00EBD0A9 /* Rubik-Bold.ttf in Resources */,
				77F6FA91293F138C00EBD0A9 /* Rubik-ExtraBold.ttf in Resources */,
				77F6FAAB293F169100EBD0A9 /* SFPRODISPLAYBOLD.OTF in Resources */,
				77A252442951BEE2006BAC2D /* SkipStatus.plist in Resources */,
				77F6FAD3293F183500EBD0A9 /* SF-Pro-Text-SemiboldItalic.otf in Resources */,
				77F6FAD2293F183500EBD0A9 /* SF-Pro-Text-Medium.otf in Resources */,
				77F6FAAD293F169100EBD0A9 /* SFPRODISPLAYULTRALIGHTITALIC.OTF in Resources */,
				77F6FACC293F183500EBD0A9 /* SF-Pro-Text-ThinItalic.otf in Resources */,
				77F6FA63293F060100EBD0A9 /* Main.storyboard in Resources */,
				77F6FA94293F138C00EBD0A9 /* OFL.txt in Resources */,
				77F6FAC5293F183500EBD0A9 /* SF-Pro-Text-Light.otf in Resources */,
				77F6FAC7293F183500EBD0A9 /* SF-Pro-Text-Black.otf in Resources */,
				77F6FAD1293F183500EBD0A9 /* SF-Pro-Text-LightItalic.otf in Resources */,
				77F6FACA293F183500EBD0A9 /* SF-Pro-Text-Bold.otf in Resources */,
				77F6FAD0293F183500EBD0A9 /* SF-Pro-Text-HeavyItalic.otf in Resources */,
				77F6FACD293F183500EBD0A9 /* SF-Pro-Text-BoldItalic.otf in Resources */,
				77F6FAC4293F183500EBD0A9 /* SF-Pro-Text-MediumItalic.otf in Resources */,
				77F6FA8E293F138C00EBD0A9 /* Rubik-LightItalic.ttf in Resources */,
				77F6FAC8293F183500EBD0A9 /* SF-Pro-Text-Regular.otf in Resources */,
				77F6FAAA293F169100EBD0A9 /* SFPRODISPLAYTHINITALIC.OTF in Resources */,
				77F6FA84293F138C00EBD0A9 /* Rubik-VariableFont_wght.ttf in Resources */,
				77F6FA8D293F138C00EBD0A9 /* Rubik-Italic.ttf in Resources */,
				77F6FA92293F138C00EBD0A9 /* Rubik-Regular.ttf in Resources */,
				77F6FACE293F183500EBD0A9 /* SF-Pro-Text-RegularItalic.otf in Resources */,
				77F6FA8F293F138C00EBD0A9 /* Rubik-SemiBold.ttf in Resources */,
				77F6FA8B293F138C00EBD0A9 /* Rubik-ExtraBoldItalic.ttf in Resources */,
				77F6FA93293F138C00EBD0A9 /* Rubik-BoldItalic.ttf in Resources */,
				77F6FA90293F138C00EBD0A9 /* Rubik-BlackItalic.ttf in Resources */,
				77F6FAA8293F169100EBD0A9 /* SFPRODISPLAYBLACKITALIC.OTF in Resources */,
				77F6FA95293F138C00EBD0A9 /* README.txt in Resources */,
				77F6FA8A293F138C00EBD0A9 /* Rubik-Medium.ttf in Resources */,
				77F6FAA6293F169100EBD0A9 /* SFPRODISPLAYHEAVYITALIC.OTF in Resources */,
				77F6FACB293F183500EBD0A9 /* SF-Pro-Text-Thin.otf in Resources */,
				77F6FAC3293F183500EBD0A9 /* SF-Pro-Text-Heavy.otf in Resources */,
				77F6FAC6293F183500EBD0A9 /* SF-Pro-Text-BlackItalic.otf in Resources */,
				77F6FAC9293F183500EBD0A9 /* SF-Pro-Text-Ultralight.otf in Resources */,
			);
			runOnlyForDeploymentPostprocessing = 0;
		};
/* End PBXResourcesBuildPhase section */

/* Begin PBXSourcesBuildPhase section */
		77F6FA54293F060100EBD0A9 /* Sources */ = {
			isa = PBXSourcesBuildPhase;
			buildActionMask = 2147483647;
			files = (
				7D1D013A293F242C00D98E7A /* SignInViewController.swift in Sources */,
				7786FC902945ABC200A0B956 /* AboutSubjectCollectionViewCell.swift in Sources */,
				77F2A0172941A8670034CFB6 /* SubjectListViewController.swift in Sources */,
				7715F0122942146300E04728 /* varificationNetwork.swift in Sources */,
				83FE358529473F8700B557CC /* LessonModel.swift in Sources */,
				777FB2A9294857B100718711 /* LessonDetailVideoAudioViewController.swift in Sources */,
				7781D69B294DDCF80020D973 /* ResultsTableViewCell.swift in Sources */,
				7715F0092941ADEE00E04728 /* ProfileViewController.swift in Sources */,
				77C73D932944A945003031EF /* LikedViewController.swift in Sources */,
				777F16F7294B009D0010D807 /* ProfileModel.swift in Sources */,
				7706556C294341D10018056D /* CreatePasswordViewController.swift in Sources */,
				77AEE5A3294DA7B500906FE4 /* AboutHeaderCell.swift in Sources */,
				83FE356A294729F900B557CC /* TestTableViewCell.swift in Sources */,
				77517EC0293F7FD8002FED03 /* SignUpViewController.swift in Sources */,
				77A252412951BAD6006BAC2D /* PlistManager.swift in Sources */,
				7772117229474CBA0064B305 /* KeyChainFIle.swift in Sources */,
				777F16EE294AEA1B0010D807 /* ProfileViewModel.swift in Sources */,
				77AEE5C9294DB2AB00906FE4 /* TestResultViewController.swift in Sources */,
				7715F00C2941F65300E04728 /* TabBarViewController.swift in Sources */,
				77AEE5BC294DB0DA00906FE4 /* BottomUpCollectionViewCell.swift in Sources */,
				7781D69E294DEB930020D973 /* ResultModel.swift in Sources */,
				77F6FA5C293F060100EBD0A9 /* AppDelegate.swift in Sources */,
				777F16FD294B42060010D807 /* EditProfileNetwork.swift in Sources */,
				7715F0002941AAB800E04728 /* subjectsTableViewCell.swift in Sources */,
				77AEE5B0294DA9E000906FE4 /* leassonModel.swift in Sources */,
				77AEE5BF294DB10600906FE4 /* LessonDetailModel.swift in Sources */,
				77AEE5B3294DACB000906FE4 /* Lesson.swift in Sources */,
				77AEE5A6294DA8E200906FE4 /* SubjectDetailsModel.swift in Sources */,
				77AEE5D0294DB3A200906FE4 /* ProgressBarView.swift in Sources */,
				77065569294341C00018056D /* ForgotPasswordViewController.swift in Sources */,
				775C2BFE29408A72003E7405 /* OnBoardingSlide .swift in Sources */,
				77AEE5AD294DA9DA00906FE4 /* UnitModel.swift in Sources */,
				7786FC962945B0F700A0B956 /* AboutSubjectTableViewCell.swift in Sources */,
				83FE3567294729E600B557CC /* LessonableViewCell.swift in Sources */,
				77BE85AA294CABA900676F5B /* NotificationMOdel.swift in Sources */,
				77AEE5C8294DB2AB00906FE4 /* TestResultTimeoutViewController.swift in Sources */,
				77517EC3293F7FDE002FED03 /* VarifyAccountViewController.swift in Sources */,
				77AEE596294DA2B700906FE4 /* SubjectListModel.swift in Sources */,
				77AEE5A0294DA6B300906FE4 /* AboutSubjectNetwork.swift in Sources */,
				7715F00F294212EC00E04728 /* varifyAccountViewModel.swift in Sources */,
				77AEE5CF294DB3A200906FE4 /* ProgressBarViewTwo.swift in Sources */,
				7786FC8C2945A8F200A0B956 /* AboutSubjectViewController.swift in Sources */,
				77F6FAE6293F204100EBD0A9 /* signUp_signInNetwork.swift in Sources */,
				77517EC6293F8841002FED03 /* HomeScreenViewController.swift in Sources */,
				77AEE599294DA2CD00906FE4 /* SubjectListNetwork.swift in Sources */,
				775C2BF829408A5C003E7405 /* OnBoardingOneViewController.swift in Sources */,
				77DFCF2729499CB0002F1CFC /* AudioTableViewCell.swift in Sources */,
				777F16F2294AEFB90010D807 /* ProfileNetwork.swift in Sources */,
				77AEE5C2294DB17900906FE4 /* LessonDetailNetwork.swift in Sources */,
				777886262940DCA9001E7E1F /* signInViewModel.swift in Sources */,
				77AEE5B9294DB0AE00906FE4 /* LessonDetailViewModel.swift in Sources */,
				77AEE593294DA28B00906FE4 /* SubjecListViewModel.swift in Sources */,
				77F6FAE2293F200800EBD0A9 /* signUpModel.swift in Sources */,
				775C2BF429404D31003E7405 /* HomeScreenCollectionViewCell.swift in Sources */,
				7781D6A4294DFE970020D973 /* HomeNetwork.swift in Sources */,
				77DFCF2D2949FC1C002F1CFC /* ProfileEditViewController.swift in Sources */,
				77E0BC092940A6E400CA0EF0 /* NotificationViewController.swift in Sources */,
				775C2BFB29408A65003E7405 /* OnBoardinCollectionViewCell.swift in Sources */,
				77E0BC102940A8FC00CA0EF0 /* NotificationsTableViewCell.swift in Sources */,
				7781D6A7294E01F00020D973 /* CurrentyStudyingModel.swift in Sources */,
				77AEE5B6294DADB500906FE4 /* LessonDetailsViewController.swift in Sources */,
				77F6FADE293F1FF400EBD0A9 /* signUpViewModel.swift in Sources */,
				77A0571E29545647004C0365 /* OnBoardingSplashViewController.swift in Sources */,
				7772117529474CC10064B305 /* SkipButton.swift in Sources */,
				83FE3564294729C000B557CC /* TestViewController.swift in Sources */,
				777886232940AC28001E7E1F /* SearchResultViewController.swift in Sources */,
				83FE357729472C1700B557CC /* CustomButton.swift in Sources */,
				77AEE59D294DA69800906FE4 /* AboutSubjectViewModel.swift in Sources */,
				77BE859F294C9AD700676F5B /* UserDataModel.swift in Sources */,
				77BE85A4294CA68500676F5B /* NotificationViewModel.swift in Sources */,
				77F6FA5E293F060100EBD0A9 /* SceneDelegate.swift in Sources */,
				77BE85A7294CA75100676F5B /* NotificationNetwork.swift in Sources */,
				777F16FA294B3F870010D807 /* ProfileEditViewModel.swift in Sources */,
				83FE358229473B9800B557CC /* LessonViewModel.swift in Sources */,
				7781D698294DDCDF0020D973 /* ResultsViewController.swift in Sources */,
				77C73D8A2944A1CB003031EF /* SubjectDetailsViewController.swift in Sources */,
				83FE355E294729A500B557CC /* LessonTestViewController.swift in Sources */,
				777ADEBD29502E5500175BF1 /* AboutSubjectHeaderProgress.swift in Sources */,
				7781D6A1294DFCCD0020D973 /* HomeViewModel.swift in Sources */,
				7772117829474CC50064B305 /* SkipCustomButtob.swift in Sources */,
				77C73D902944A8E5003031EF /* StudyingViewController.swift in Sources */,
				83FE3561294729B500B557CC /* LessonViewController.swift in Sources */,
				778E6B4929445F0200A44471 /* CreatePasswordViewModel.swift in Sources */,
			);
			runOnlyForDeploymentPostprocessing = 0;
		};
/* End PBXSourcesBuildPhase section */

/* Begin PBXVariantGroup section */
		77F6FA61293F060100EBD0A9 /* Main.storyboard */ = {
			isa = PBXVariantGroup;
			children = (
				77F6FA62293F060100EBD0A9 /* Base */,
			);
			name = Main.storyboard;
			sourceTree = "<group>";
		};
		77F6FA66293F060100EBD0A9 /* LaunchScreen.storyboard */ = {
			isa = PBXVariantGroup;
			children = (
				77F6FA67293F060100EBD0A9 /* Base */,
			);
			name = LaunchScreen.storyboard;
			sourceTree = "<group>";
		};
/* End PBXVariantGroup section */

/* Begin XCBuildConfiguration section */
		77F6FA6A293F060100EBD0A9 /* Debug */ = {
			isa = XCBuildConfiguration;
			buildSettings = {
				ALWAYS_SEARCH_USER_PATHS = NO;
				CLANG_ANALYZER_NONNULL = YES;
				CLANG_ANALYZER_NUMBER_OBJECT_CONVERSION = YES_AGGRESSIVE;
				CLANG_CXX_LANGUAGE_STANDARD = "gnu++14";
				CLANG_CXX_LIBRARY = "libc++";
				CLANG_ENABLE_MODULES = YES;
				CLANG_ENABLE_OBJC_ARC = YES;
				CLANG_ENABLE_OBJC_WEAK = YES;
				CLANG_WARN_BLOCK_CAPTURE_AUTORELEASING = YES;
				CLANG_WARN_BOOL_CONVERSION = YES;
				CLANG_WARN_COMMA = YES;
				CLANG_WARN_CONSTANT_CONVERSION = YES;
				CLANG_WARN_DEPRECATED_OBJC_IMPLEMENTATIONS = YES;
				CLANG_WARN_DIRECT_OBJC_ISA_USAGE = YES_ERROR;
				CLANG_WARN_DOCUMENTATION_COMMENTS = YES;
				CLANG_WARN_EMPTY_BODY = YES;
				CLANG_WARN_ENUM_CONVERSION = YES;
				CLANG_WARN_INFINITE_RECURSION = YES;
				CLANG_WARN_INT_CONVERSION = YES;
				CLANG_WARN_NON_LITERAL_NULL_CONVERSION = YES;
				CLANG_WARN_OBJC_IMPLICIT_RETAIN_SELF = YES;
				CLANG_WARN_OBJC_LITERAL_CONVERSION = YES;
				CLANG_WARN_OBJC_ROOT_CLASS = YES_ERROR;
				CLANG_WARN_QUOTED_INCLUDE_IN_FRAMEWORK_HEADER = YES;
				CLANG_WARN_RANGE_LOOP_ANALYSIS = YES;
				CLANG_WARN_STRICT_PROTOTYPES = YES;
				CLANG_WARN_SUSPICIOUS_MOVE = YES;
				CLANG_WARN_UNGUARDED_AVAILABILITY = YES_AGGRESSIVE;
				CLANG_WARN_UNREACHABLE_CODE = YES;
				CLANG_WARN__DUPLICATE_METHOD_MATCH = YES;
				COPY_PHASE_STRIP = NO;
				DEBUG_INFORMATION_FORMAT = dwarf;
				ENABLE_STRICT_OBJC_MSGSEND = YES;
				ENABLE_TESTABILITY = YES;
				GCC_C_LANGUAGE_STANDARD = gnu11;
				GCC_DYNAMIC_NO_PIC = NO;
				GCC_NO_COMMON_BLOCKS = YES;
				GCC_OPTIMIZATION_LEVEL = 0;
				GCC_PREPROCESSOR_DEFINITIONS = (
					"DEBUG=1",
					"$(inherited)",
				);
				GCC_WARN_64_TO_32_BIT_CONVERSION = YES;
				GCC_WARN_ABOUT_RETURN_TYPE = YES_ERROR;
				GCC_WARN_UNDECLARED_SELECTOR = YES;
				GCC_WARN_UNINITIALIZED_AUTOS = YES_AGGRESSIVE;
				GCC_WARN_UNUSED_FUNCTION = YES;
				GCC_WARN_UNUSED_VARIABLE = YES;
				IPHONEOS_DEPLOYMENT_TARGET = 14.4;
				MTL_ENABLE_DEBUG_INFO = INCLUDE_SOURCE;
				MTL_FAST_MATH = YES;
				ONLY_ACTIVE_ARCH = YES;
				SDKROOT = iphoneos;
				SWIFT_ACTIVE_COMPILATION_CONDITIONS = DEBUG;
				SWIFT_OPTIMIZATION_LEVEL = "-Onone";
			};
			name = Debug;
		};
		77F6FA6B293F060100EBD0A9 /* Release */ = {
			isa = XCBuildConfiguration;
			buildSettings = {
				ALWAYS_SEARCH_USER_PATHS = NO;
				CLANG_ANALYZER_NONNULL = YES;
				CLANG_ANALYZER_NUMBER_OBJECT_CONVERSION = YES_AGGRESSIVE;
				CLANG_CXX_LANGUAGE_STANDARD = "gnu++14";
				CLANG_CXX_LIBRARY = "libc++";
				CLANG_ENABLE_MODULES = YES;
				CLANG_ENABLE_OBJC_ARC = YES;
				CLANG_ENABLE_OBJC_WEAK = YES;
				CLANG_WARN_BLOCK_CAPTURE_AUTORELEASING = YES;
				CLANG_WARN_BOOL_CONVERSION = YES;
				CLANG_WARN_COMMA = YES;
				CLANG_WARN_CONSTANT_CONVERSION = YES;
				CLANG_WARN_DEPRECATED_OBJC_IMPLEMENTATIONS = YES;
				CLANG_WARN_DIRECT_OBJC_ISA_USAGE = YES_ERROR;
				CLANG_WARN_DOCUMENTATION_COMMENTS = YES;
				CLANG_WARN_EMPTY_BODY = YES;
				CLANG_WARN_ENUM_CONVERSION = YES;
				CLANG_WARN_INFINITE_RECURSION = YES;
				CLANG_WARN_INT_CONVERSION = YES;
				CLANG_WARN_NON_LITERAL_NULL_CONVERSION = YES;
				CLANG_WARN_OBJC_IMPLICIT_RETAIN_SELF = YES;
				CLANG_WARN_OBJC_LITERAL_CONVERSION = YES;
				CLANG_WARN_OBJC_ROOT_CLASS = YES_ERROR;
				CLANG_WARN_QUOTED_INCLUDE_IN_FRAMEWORK_HEADER = YES;
				CLANG_WARN_RANGE_LOOP_ANALYSIS = YES;
				CLANG_WARN_STRICT_PROTOTYPES = YES;
				CLANG_WARN_SUSPICIOUS_MOVE = YES;
				CLANG_WARN_UNGUARDED_AVAILABILITY = YES_AGGRESSIVE;
				CLANG_WARN_UNREACHABLE_CODE = YES;
				CLANG_WARN__DUPLICATE_METHOD_MATCH = YES;
				COPY_PHASE_STRIP = NO;
				DEBUG_INFORMATION_FORMAT = "dwarf-with-dsym";
				ENABLE_NS_ASSERTIONS = NO;
				ENABLE_STRICT_OBJC_MSGSEND = YES;
				GCC_C_LANGUAGE_STANDARD = gnu11;
				GCC_NO_COMMON_BLOCKS = YES;
				GCC_WARN_64_TO_32_BIT_CONVERSION = YES;
				GCC_WARN_ABOUT_RETURN_TYPE = YES_ERROR;
				GCC_WARN_UNDECLARED_SELECTOR = YES;
				GCC_WARN_UNINITIALIZED_AUTOS = YES_AGGRESSIVE;
				GCC_WARN_UNUSED_FUNCTION = YES;
				GCC_WARN_UNUSED_VARIABLE = YES;
				IPHONEOS_DEPLOYMENT_TARGET = 14.4;
				MTL_ENABLE_DEBUG_INFO = NO;
				MTL_FAST_MATH = YES;
				SDKROOT = iphoneos;
				SWIFT_COMPILATION_MODE = wholemodule;
				SWIFT_OPTIMIZATION_LEVEL = "-O";
				VALIDATE_PRODUCT = YES;
			};
			name = Release;
		};
		77F6FA6D293F060100EBD0A9 /* Debug */ = {
			isa = XCBuildConfiguration;
			buildSettings = {
				ASSETCATALOG_COMPILER_APPICON_NAME = AppIcon;
				ASSETCATALOG_COMPILER_GLOBAL_ACCENT_COLOR_NAME = AccentColor;
				CODE_SIGN_STYLE = Automatic;
				INFOPLIST_FILE = "i-LeanAppAssessment/Info.plist";
				LD_RUNPATH_SEARCH_PATHS = (
					"$(inherited)",
					"@executable_path/Frameworks",
				);
				PRODUCT_BUNDLE_IDENTIFIER = "Mundaragi.i-LeanAppAssessment";
				PRODUCT_NAME = "$(TARGET_NAME)";
				SWIFT_VERSION = 5.0;
				TARGETED_DEVICE_FAMILY = "1,2";
			};
			name = Debug;
		};
		77F6FA6E293F060100EBD0A9 /* Release */ = {
			isa = XCBuildConfiguration;
			buildSettings = {
				ASSETCATALOG_COMPILER_APPICON_NAME = AppIcon;
				ASSETCATALOG_COMPILER_GLOBAL_ACCENT_COLOR_NAME = AccentColor;
				CODE_SIGN_STYLE = Automatic;
				INFOPLIST_FILE = "i-LeanAppAssessment/Info.plist";
				LD_RUNPATH_SEARCH_PATHS = (
					"$(inherited)",
					"@executable_path/Frameworks",
				);
				PRODUCT_BUNDLE_IDENTIFIER = "Mundaragi.i-LeanAppAssessment";
				PRODUCT_NAME = "$(TARGET_NAME)";
				SWIFT_VERSION = 5.0;
				TARGETED_DEVICE_FAMILY = "1,2";
			};
			name = Release;
		};
/* End XCBuildConfiguration section */

/* Begin XCConfigurationList section */
		77F6FA53293F060100EBD0A9 /* Build configuration list for PBXProject "i-LeanAppAssessment" */ = {
			isa = XCConfigurationList;
			buildConfigurations = (
				77F6FA6A293F060100EBD0A9 /* Debug */,
				77F6FA6B293F060100EBD0A9 /* Release */,
			);
			defaultConfigurationIsVisible = 0;
			defaultConfigurationName = Release;
		};
		77F6FA6C293F060100EBD0A9 /* Build configuration list for PBXNativeTarget "i-LeanAppAssessment" */ = {
			isa = XCConfigurationList;
			buildConfigurations = (
				77F6FA6D293F060100EBD0A9 /* Debug */,
				77F6FA6E293F060100EBD0A9 /* Release */,
			);
			defaultConfigurationIsVisible = 0;
			defaultConfigurationName = Release;
		};
/* End XCConfigurationList section */
	};
	rootObject = 77F6FA50293F060100EBD0A9 /* Project object */;
}
